{
  "object": {
    "pins": [
      {
        "package": "MessagePack",
        "repositoryURL": "https://github.com/Flight-School/MessagePack",
        "state": {
          "branch": null,
          "revision": "688d9c83e4e87070835fd45016e869e4e03e7319",
          "version": "1.2.3"
        }
      }
    ]
  },
  "version": 1
}
