// !$*UTF8*$!
{
	archiveVersion = 1;
	classes = {
	};
	objectVersion = 50;
	objects = {

/* Begin PBXBuildFile section */
		39BD8849244C6D3D00EB8B6C /* ExposedView.storyboard in Resources */ = {isa = PBXBuildFile; fileRef = 39BD8848244C6D3D00EB8B6C /* ExposedView.storyboard */; };
		6614BB052452B9D900885F23 /* ExposureDetailsViewController.swift in Sources */ = {isa = PBXBuildFile; fileRef = 6614BB042452B9D900885F23 /* ExposureDetailsViewController.swift */; };
		6621056D245251B10011EB42 /* main.swift in Sources */ = {isa = PBXBuildFile; fileRef = 6621056C245251B10011EB42 /* main.swift */; };
		6621057124525FC90011EB42 /* Localizable.strings in Resources */ = {isa = PBXBuildFile; fileRef = 6621057324525FC90011EB42 /* Localizable.strings */; };
		66437F76244A86AE000B8C6C /* Disease.swift in Sources */ = {isa = PBXBuildFile; fileRef = 66437F75244A86AE000B8C6C /* Disease.swift */; };
		66437F9E244A9A02000B8C6C /* TracePrivately.xcdatamodeld in Sources */ = {isa = PBXBuildFile; fileRef = 66437F9C244A9A02000B8C6C /* TracePrivately.xcdatamodeld */; };
		66437FA0244A9B2C000B8C6C /* DataManager.swift in Sources */ = {isa = PBXBuildFile; fileRef = 66437F9F244A9B2C000B8C6C /* DataManager.swift */; };
		66793890245460B600868B84 /* KeyServerAuthentication.swift in Sources */ = {isa = PBXBuildFile; fileRef = 6679388D245460B600868B84 /* KeyServerAuthentication.swift */; };
		66793891245460B600868B84 /* KeyServerConfig.swift in Sources */ = {isa = PBXBuildFile; fileRef = 6679388E245460B600868B84 /* KeyServerConfig.swift */; };
		66793892245460B600868B84 /* KeyServer.swift in Sources */ = {isa = PBXBuildFile; fileRef = 6679388F245460B600868B84 /* KeyServer.swift */; };
		66848C2D244D5F8800497D2A /* AsyncBlockOperation.swift in Sources */ = {isa = PBXBuildFile; fileRef = 66848C2C244D5F8800497D2A /* AsyncBlockOperation.swift */; };
		668CE843244D01F50065960A /* ContactTraceManager.swift in Sources */ = {isa = PBXBuildFile; fileRef = 668CE842244D01F50065960A /* ContactTraceManager.swift */; };
		6698C572244936AF00F046E4 /* ExposedViewController.swift in Sources */ = {isa = PBXBuildFile; fileRef = 6698C571244936AF00F046E4 /* ExposedViewController.swift */; };
		6698C574244BFAB600F046E4 /* KeyServer.plist in Resources */ = {isa = PBXBuildFile; fileRef = 6698C573244BFAB600F046E4 /* KeyServer.plist */; };
		66A039D7245005B700A569BE /* FontExtension.swift in Sources */ = {isa = PBXBuildFile; fileRef = 66A039D6245005B700A569BE /* FontExtension.swift */; };
		66CB7BD12453D51A0044D32B /* ENMockFramework.swift in Sources */ = {isa = PBXBuildFile; fileRef = 66CB7BD02453D51A0044D32B /* ENMockFramework.swift */; };
		66CB95BD244FB51000D775B6 /* ActionButton.swift in Sources */ = {isa = PBXBuildFile; fileRef = 66CB95BC244FB51000D775B6 /* ActionButton.swift */; };
		66CB95BF244FB5CD00D775B6 /* MainViewController.swift in Sources */ = {isa = PBXBuildFile; fileRef = 66CB95BE244FB5CD00D775B6 /* MainViewController.swift */; };
		66CB95C1244FBBC800D775B6 /* Privacy.storyboard in Resources */ = {isa = PBXBuildFile; fileRef = 66CB95C0244FBBC800D775B6 /* Privacy.storyboard */; };
		66CB95C3244FBBF300D775B6 /* PrivacyViewController.swift in Sources */ = {isa = PBXBuildFile; fileRef = 66CB95C2244FBBF300D775B6 /* PrivacyViewController.swift */; };
		66EAEB60244DA70E0044FF70 /* SubmitInfection.storyboard in Resources */ = {isa = PBXBuildFile; fileRef = 66EAEB5F244DA70E0044FF70 /* SubmitInfection.storyboard */; };
		66EAEB62244DA72E0044FF70 /* SubmitInfectionViewController.swift in Sources */ = {isa = PBXBuildFile; fileRef = 66EAEB61244DA72E0044FF70 /* SubmitInfectionViewController.swift */; };
		66EAEB64244DC5E40044FF70 /* SubmittedInfection.storyboard in Resources */ = {isa = PBXBuildFile; fileRef = 66EAEB63244DC5E40044FF70 /* SubmittedInfection.storyboard */; };
		66EAEB66244DC62A0044FF70 /* SubmittedInfectionViewController.swift in Sources */ = {isa = PBXBuildFile; fileRef = 66EAEB65244DC62A0044FF70 /* SubmittedInfectionViewController.swift */; };
		66F8186B2448FD5C0043AC2D /* AppDelegate.swift in Sources */ = {isa = PBXBuildFile; fileRef = 66F8186A2448FD5C0043AC2D /* AppDelegate.swift */; };
		66F818722448FD5C0043AC2D /* Main.storyboard in Resources */ = {isa = PBXBuildFile; fileRef = 66F818702448FD5C0043AC2D /* Main.storyboard */; };
		66F818742448FD5E0043AC2D /* Assets.xcassets in Resources */ = {isa = PBXBuildFile; fileRef = 66F818732448FD5E0043AC2D /* Assets.xcassets */; };
		66F818772448FD5E0043AC2D /* LaunchScreen.storyboard in Resources */ = {isa = PBXBuildFile; fileRef = 66F818752448FD5E0043AC2D /* LaunchScreen.storyboard */; };
/* End PBXBuildFile section */

/* Begin PBXCopyFilesBuildPhase section */
		66210568245251B10011EB42 /* CopyFiles */ = {
			isa = PBXCopyFilesBuildPhase;
			buildActionMask = 2147483647;
			dstPath = /usr/share/man/man1/;
			dstSubfolderSpec = 0;
			files = (
			);
			runOnlyForDeploymentPostprocessing = 1;
		};
/* End PBXCopyFilesBuildPhase section */

/* Begin PBXFileReference section */
		39BD8848244C6D3D00EB8B6C /* ExposedView.storyboard */ = {isa = PBXFileReference; lastKnownFileType = file.storyboard; path = ExposedView.storyboard; sourceTree = "<group>"; };
		6614BB042452B9D900885F23 /* ExposureDetailsViewController.swift */ = {isa = PBXFileReference; lastKnownFileType = sourcecode.swift; path = ExposureDetailsViewController.swift; sourceTree = "<group>"; };
		661B6C6A2452CE2500CC1DC6 /* Model 4.xcdatamodel */ = {isa = PBXFileReference; lastKnownFileType = wrapper.xcdatamodel; path = "Model 4.xcdatamodel"; sourceTree = "<group>"; };
		6621056A245251B10011EB42 /* OneSkyDownload */ = {isa = PBXFileReference; explicitFileType = "compiled.mach-o.executable"; includeInIndex = 0; path = OneSkyDownload; sourceTree = BUILT_PRODUCTS_DIR; };
		6621056C245251B10011EB42 /* main.swift */ = {isa = PBXFileReference; lastKnownFileType = sourcecode.swift; path = main.swift; sourceTree = "<group>"; };
		6621057224525FC90011EB42 /* en */ = {isa = PBXFileReference; lastKnownFileType = text.plist.strings; name = en; path = en.lproj/Localizable.strings; sourceTree = "<group>"; };
		6621057424525FE70011EB42 /* fr */ = {isa = PBXFileReference; lastKnownFileType = text.plist.strings; name = fr; path = fr.lproj/Localizable.strings; sourceTree = "<group>"; };
		6621057524525FF40011EB42 /* hr */ = {isa = PBXFileReference; lastKnownFileType = text.plist.strings; name = hr; path = hr.lproj/Localizable.strings; sourceTree = "<group>"; };
		66210576245260010011EB42 /* pt-BR */ = {isa = PBXFileReference; lastKnownFileType = text.plist.strings; name = "pt-BR"; path = "pt-BR.lproj/Localizable.strings"; sourceTree = "<group>"; };
		662105772452601E0011EB42 /* es-MX */ = {isa = PBXFileReference; lastKnownFileType = text.plist.strings; name = "es-MX"; path = "es-MX.lproj/Localizable.strings"; sourceTree = "<group>"; };
		662105782452602D0011EB42 /* hi-IN */ = {isa = PBXFileReference; lastKnownFileType = text.plist.strings; name = "hi-IN"; path = "hi-IN.lproj/Localizable.strings"; sourceTree = "<group>"; };
		6625219B2453955F00C68AD1 /* zh-Hans */ = {isa = PBXFileReference; lastKnownFileType = text.plist.strings; name = "zh-Hans"; path = "zh-Hans.lproj/Localizable.strings"; sourceTree = "<group>"; };
		6625219C2453957100C68AD1 /* sr-RS */ = {isa = PBXFileReference; lastKnownFileType = text.plist.strings; name = "sr-RS"; path = "sr-RS.lproj/Localizable.strings"; sourceTree = "<group>"; };
		66437F75244A86AE000B8C6C /* Disease.swift */ = {isa = PBXFileReference; lastKnownFileType = sourcecode.swift; path = Disease.swift; sourceTree = "<group>"; };
		66437F9D244A9A02000B8C6C /* Model.xcdatamodel */ = {isa = PBXFileReference; lastKnownFileType = wrapper.xcdatamodel; path = Model.xcdatamodel; sourceTree = "<group>"; };
		66437F9F244A9B2C000B8C6C /* DataManager.swift */ = {isa = PBXFileReference; lastKnownFileType = sourcecode.swift; path = DataManager.swift; sourceTree = "<group>"; };
		6679388D245460B600868B84 /* KeyServerAuthentication.swift */ = {isa = PBXFileReference; fileEncoding = 4; lastKnownFileType = sourcecode.swift; path = KeyServerAuthentication.swift; sourceTree = "<group>"; };
		6679388E245460B600868B84 /* KeyServerConfig.swift */ = {isa = PBXFileReference; fileEncoding = 4; lastKnownFileType = sourcecode.swift; path = KeyServerConfig.swift; sourceTree = "<group>"; };
		6679388F245460B600868B84 /* KeyServer.swift */ = {isa = PBXFileReference; fileEncoding = 4; lastKnownFileType = sourcecode.swift; path = KeyServer.swift; sourceTree = "<group>"; };
		66848C2C244D5F8800497D2A /* AsyncBlockOperation.swift */ = {isa = PBXFileReference; lastKnownFileType = sourcecode.swift; path = AsyncBlockOperation.swift; sourceTree = "<group>"; };
		668CE842244D01F50065960A /* ContactTraceManager.swift */ = {isa = PBXFileReference; lastKnownFileType = sourcecode.swift; path = ContactTraceManager.swift; sourceTree = "<group>"; };
		668D4B22244D705100D90C26 /* Model 2.xcdatamodel */ = {isa = PBXFileReference; lastKnownFileType = wrapper.xcdatamodel; path = "Model 2.xcdatamodel"; sourceTree = "<group>"; };
		6698C571244936AF00F046E4 /* ExposedViewController.swift */ = {isa = PBXFileReference; lastKnownFileType = sourcecode.swift; path = ExposedViewController.swift; sourceTree = "<group>"; };
		6698C573244BFAB600F046E4 /* KeyServer.plist */ = {isa = PBXFileReference; lastKnownFileType = text.plist.xml; path = KeyServer.plist; sourceTree = "<group>"; };
		66A039D6245005B700A569BE /* FontExtension.swift */ = {isa = PBXFileReference; lastKnownFileType = sourcecode.swift; path = FontExtension.swift; sourceTree = "<group>"; };
		66CB7BD02453D51A0044D32B /* ENMockFramework.swift */ = {isa = PBXFileReference; lastKnownFileType = sourcecode.swift; path = ENMockFramework.swift; sourceTree = "<group>"; };
		66CB7BD22453EB190044D32B /* Model 5.xcdatamodel */ = {isa = PBXFileReference; lastKnownFileType = wrapper.xcdatamodel; path = "Model 5.xcdatamodel"; sourceTree = "<group>"; };
		66CB95BC244FB51000D775B6 /* ActionButton.swift */ = {isa = PBXFileReference; lastKnownFileType = sourcecode.swift; path = ActionButton.swift; sourceTree = "<group>"; };
		66CB95BE244FB5CD00D775B6 /* MainViewController.swift */ = {isa = PBXFileReference; lastKnownFileType = sourcecode.swift; path = MainViewController.swift; sourceTree = "<group>"; };
		66CB95C0244FBBC800D775B6 /* Privacy.storyboard */ = {isa = PBXFileReference; lastKnownFileType = file.storyboard; path = Privacy.storyboard; sourceTree = "<group>"; };
		66CB95C2244FBBF300D775B6 /* PrivacyViewController.swift */ = {isa = PBXFileReference; lastKnownFileType = sourcecode.swift; path = PrivacyViewController.swift; sourceTree = "<group>"; };
		66CB95C6244FCC9A00D775B6 /* Model 3.xcdatamodel */ = {isa = PBXFileReference; lastKnownFileType = wrapper.xcdatamodel; path = "Model 3.xcdatamodel"; sourceTree = "<group>"; };
		66EAEB5F244DA70E0044FF70 /* SubmitInfection.storyboard */ = {isa = PBXFileReference; lastKnownFileType = file.storyboard; path = SubmitInfection.storyboard; sourceTree = "<group>"; };
		66EAEB61244DA72E0044FF70 /* SubmitInfectionViewController.swift */ = {isa = PBXFileReference; lastKnownFileType = sourcecode.swift; path = SubmitInfectionViewController.swift; sourceTree = "<group>"; };
		66EAEB63244DC5E40044FF70 /* SubmittedInfection.storyboard */ = {isa = PBXFileReference; lastKnownFileType = file.storyboard; path = SubmittedInfection.storyboard; sourceTree = "<group>"; };
		66EAEB65244DC62A0044FF70 /* SubmittedInfectionViewController.swift */ = {isa = PBXFileReference; lastKnownFileType = sourcecode.swift; path = SubmittedInfectionViewController.swift; sourceTree = "<group>"; };
		66F818672448FD5C0043AC2D /* TracePrivately.app */ = {isa = PBXFileReference; explicitFileType = wrapper.application; includeInIndex = 0; path = TracePrivately.app; sourceTree = BUILT_PRODUCTS_DIR; };
		66F8186A2448FD5C0043AC2D /* AppDelegate.swift */ = {isa = PBXFileReference; lastKnownFileType = sourcecode.swift; path = AppDelegate.swift; sourceTree = "<group>"; };
		66F818712448FD5C0043AC2D /* Base */ = {isa = PBXFileReference; lastKnownFileType = file.storyboard; name = Base; path = Base.lproj/Main.storyboard; sourceTree = "<group>"; };
		66F818732448FD5E0043AC2D /* Assets.xcassets */ = {isa = PBXFileReference; lastKnownFileType = folder.assetcatalog; path = Assets.xcassets; sourceTree = "<group>"; };
		66F818762448FD5E0043AC2D /* Base */ = {isa = PBXFileReference; lastKnownFileType = file.storyboard; name = Base; path = Base.lproj/LaunchScreen.storyboard; sourceTree = "<group>"; };
		66F818782448FD5E0043AC2D /* Info.plist */ = {isa = PBXFileReference; lastKnownFileType = text.plist.xml; path = Info.plist; sourceTree = "<group>"; };
/* End PBXFileReference section */

/* Begin PBXFrameworksBuildPhase section */
		66210567245251B10011EB42 /* Frameworks */ = {
			isa = PBXFrameworksBuildPhase;
			buildActionMask = 2147483647;
			files = (
			);
			runOnlyForDeploymentPostprocessing = 0;
		};
		66F818642448FD5C0043AC2D /* Frameworks */ = {
			isa = PBXFrameworksBuildPhase;
			buildActionMask = 2147483647;
			files = (
			);
			runOnlyForDeploymentPostprocessing = 0;
		};
/* End PBXFrameworksBuildPhase section */

/* Begin PBXGroup section */
		39BD8847244C6CF000EB8B6C /* Storyboards */ = {
			isa = PBXGroup;
			children = (
				66F818752448FD5E0043AC2D /* LaunchScreen.storyboard */,
				66CB95C0244FBBC800D775B6 /* Privacy.storyboard */,
				66F818702448FD5C0043AC2D /* Main.storyboard */,
				39BD8848244C6D3D00EB8B6C /* ExposedView.storyboard */,
				66EAEB5F244DA70E0044FF70 /* SubmitInfection.storyboard */,
				66EAEB63244DC5E40044FF70 /* SubmittedInfection.storyboard */,
			);
			path = Storyboards;
			sourceTree = "<group>";
		};
		6621056B245251B10011EB42 /* OneSkyDownload */ = {
			isa = PBXGroup;
			children = (
				6621056C245251B10011EB42 /* main.swift */,
			);
			path = OneSkyDownload;
			sourceTree = "<group>";
		};
		66437F77244A8A4C000B8C6C /* Classes */ = {
			isa = PBXGroup;
			children = (
				66437F78244A8A54000B8C6C /* View Controllers */,
				6679388C245460B600868B84 /* KeyServer */,
				66F8186A2448FD5C0043AC2D /* AppDelegate.swift */,
				66CB7BD02453D51A0044D32B /* ENMockFramework.swift */,
				66437F75244A86AE000B8C6C /* Disease.swift */,
				66437F9F244A9B2C000B8C6C /* DataManager.swift */,
				668CE842244D01F50065960A /* ContactTraceManager.swift */,
				66CB95BC244FB51000D775B6 /* ActionButton.swift */,
				66848C2C244D5F8800497D2A /* AsyncBlockOperation.swift */,
				66A039D6245005B700A569BE /* FontExtension.swift */,
			);
			path = Classes;
			sourceTree = "<group>";
		};
		66437F78244A8A54000B8C6C /* View Controllers */ = {
			isa = PBXGroup;
			children = (
				66CB95BE244FB5CD00D775B6 /* MainViewController.swift */,
				6698C571244936AF00F046E4 /* ExposedViewController.swift */,
				6614BB042452B9D900885F23 /* ExposureDetailsViewController.swift */,
				66EAEB61244DA72E0044FF70 /* SubmitInfectionViewController.swift */,
				66EAEB65244DC62A0044FF70 /* SubmittedInfectionViewController.swift */,
				66CB95C2244FBBF300D775B6 /* PrivacyViewController.swift */,
			);
			path = "View Controllers";
			sourceTree = "<group>";
		};
		6679388C245460B600868B84 /* KeyServer */ = {
			isa = PBXGroup;
			children = (
				6679388D245460B600868B84 /* KeyServerAuthentication.swift */,
				6679388E245460B600868B84 /* KeyServerConfig.swift */,
				6679388F245460B600868B84 /* KeyServer.swift */,
			);
			path = KeyServer;
			sourceTree = "<group>";
		};
		66F8185E2448FD5C0043AC2D = {
			isa = PBXGroup;
			children = (
				66F818692448FD5C0043AC2D /* TracePrivately */,
				6621056B245251B10011EB42 /* OneSkyDownload */,
				66F818682448FD5C0043AC2D /* Products */,
			);
			sourceTree = "<group>";
		};
		66F818682448FD5C0043AC2D /* Products */ = {
			isa = PBXGroup;
			children = (
				66F818672448FD5C0043AC2D /* TracePrivately.app */,
				6621056A245251B10011EB42 /* OneSkyDownload */,
			);
			name = Products;
			sourceTree = "<group>";
		};
		66F818692448FD5C0043AC2D /* TracePrivately */ = {
			isa = PBXGroup;
			children = (
				39BD8847244C6CF000EB8B6C /* Storyboards */,
				66437F77244A8A4C000B8C6C /* Classes */,
				66F818732448FD5E0043AC2D /* Assets.xcassets */,
				66437F9C244A9A02000B8C6C /* TracePrivately.xcdatamodeld */,
				66F818782448FD5E0043AC2D /* Info.plist */,
				6621057324525FC90011EB42 /* Localizable.strings */,
				6698C573244BFAB600F046E4 /* KeyServer.plist */,
			);
			path = TracePrivately;
			sourceTree = "<group>";
		};
/* End PBXGroup section */

/* Begin PBXNativeTarget section */
		66210569245251B10011EB42 /* OneSkyDownload */ = {
			isa = PBXNativeTarget;
			buildConfigurationList = 66210570245251B10011EB42 /* Build configuration list for PBXNativeTarget "OneSkyDownload" */;
			buildPhases = (
				66210566245251B10011EB42 /* Sources */,
				66210567245251B10011EB42 /* Frameworks */,
				66210568245251B10011EB42 /* CopyFiles */,
			);
			buildRules = (
			);
			dependencies = (
			);
			name = OneSkyDownload;
			productName = OneSkyDownload;
			productReference = 6621056A245251B10011EB42 /* OneSkyDownload */;
			productType = "com.apple.product-type.tool";
		};
		66F818662448FD5C0043AC2D /* TracePrivately */ = {
			isa = PBXNativeTarget;
			buildConfigurationList = 66F8187B2448FD5E0043AC2D /* Build configuration list for PBXNativeTarget "TracePrivately" */;
			buildPhases = (
				66F818632448FD5C0043AC2D /* Sources */,
				66F818642448FD5C0043AC2D /* Frameworks */,
				66F818652448FD5C0043AC2D /* Resources */,
			);
			buildRules = (
			);
			dependencies = (
			);
			name = TracePrivately;
			productName = TracePrivately;
			productReference = 66F818672448FD5C0043AC2D /* TracePrivately.app */;
			productType = "com.apple.product-type.application";
		};
/* End PBXNativeTarget section */

/* Begin PBXProject section */
		66F8185F2448FD5C0043AC2D /* Project object */ = {
			isa = PBXProject;
			attributes = {
				LastSwiftUpdateCheck = 1140;
				LastUpgradeCheck = 1140;
				ORGANIZATIONNAME = "Quentin Zervaas";
				TargetAttributes = {
					66210569245251B10011EB42 = {
						CreatedOnToolsVersion = 11.4.1;
					};
					66F818662448FD5C0043AC2D = {
						CreatedOnToolsVersion = 11.4.1;
						LastSwiftMigration = 1140;
					};
				};
			};
			buildConfigurationList = 66F818622448FD5C0043AC2D /* Build configuration list for PBXProject "TracePrivately" */;
			compatibilityVersion = "Xcode 9.3";
			developmentRegion = en;
			hasScannedForEncodings = 0;
			knownRegions = (
				en,
				Base,
				fr,
				hr,
				"pt-BR",
				"es-MX",
				"hi-IN",
				"zh-Hans",
				"sr-RS",
			);
			mainGroup = 66F8185E2448FD5C0043AC2D;
			productRefGroup = 66F818682448FD5C0043AC2D /* Products */;
			projectDirPath = "";
			projectRoot = "";
			targets = (
				66F818662448FD5C0043AC2D /* TracePrivately */,
				66210569245251B10011EB42 /* OneSkyDownload */,
			);
		};
/* End PBXProject section */

/* Begin PBXResourcesBuildPhase section */
		66F818652448FD5C0043AC2D /* Resources */ = {
			isa = PBXResourcesBuildPhase;
			buildActionMask = 2147483647;
			files = (
				6698C574244BFAB600F046E4 /* KeyServer.plist in Resources */,
				66F818772448FD5E0043AC2D /* LaunchScreen.storyboard in Resources */,
				39BD8849244C6D3D00EB8B6C /* ExposedView.storyboard in Resources */,
				66EAEB60244DA70E0044FF70 /* SubmitInfection.storyboard in Resources */,
				66EAEB64244DC5E40044FF70 /* SubmittedInfection.storyboard in Resources */,
				6621057124525FC90011EB42 /* Localizable.strings in Resources */,
				66F818742448FD5E0043AC2D /* Assets.xcassets in Resources */,
				66F818722448FD5C0043AC2D /* Main.storyboard in Resources */,
				66CB95C1244FBBC800D775B6 /* Privacy.storyboard in Resources */,
			);
			runOnlyForDeploymentPostprocessing = 0;
		};
/* End PBXResourcesBuildPhase section */

/* Begin PBXSourcesBuildPhase section */
		66210566245251B10011EB42 /* Sources */ = {
			isa = PBXSourcesBuildPhase;
			buildActionMask = 2147483647;
			files = (
				6621056D245251B10011EB42 /* main.swift in Sources */,
			);
			runOnlyForDeploymentPostprocessing = 0;
		};
		66F818632448FD5C0043AC2D /* Sources */ = {
			isa = PBXSourcesBuildPhase;
			buildActionMask = 2147483647;
			files = (
				66793892245460B600868B84 /* KeyServer.swift in Sources */,
				66848C2D244D5F8800497D2A /* AsyncBlockOperation.swift in Sources */,
				66EAEB62244DA72E0044FF70 /* SubmitInfectionViewController.swift in Sources */,
				66A039D7245005B700A569BE /* FontExtension.swift in Sources */,
				66CB95C3244FBBF300D775B6 /* PrivacyViewController.swift in Sources */,
				66CB95BD244FB51000D775B6 /* ActionButton.swift in Sources */,
				66793891245460B600868B84 /* KeyServerConfig.swift in Sources */,
				66437F76244A86AE000B8C6C /* Disease.swift in Sources */,
				66437FA0244A9B2C000B8C6C /* DataManager.swift in Sources */,
				66F8186B2448FD5C0043AC2D /* AppDelegate.swift in Sources */,
				66793890245460B600868B84 /* KeyServerAuthentication.swift in Sources */,
				66CB95BF244FB5CD00D775B6 /* MainViewController.swift in Sources */,
				66437F9E244A9A02000B8C6C /* TracePrivately.xcdatamodeld in Sources */,
				66CB7BD12453D51A0044D32B /* ENMockFramework.swift in Sources */,
				66EAEB66244DC62A0044FF70 /* SubmittedInfectionViewController.swift in Sources */,
				6698C572244936AF00F046E4 /* ExposedViewController.swift in Sources */,
				6614BB052452B9D900885F23 /* ExposureDetailsViewController.swift in Sources */,
				668CE843244D01F50065960A /* ContactTraceManager.swift in Sources */,
			);
			runOnlyForDeploymentPostprocessing = 0;
		};
/* End PBXSourcesBuildPhase section */

/* Begin PBXVariantGroup section */
		6621057324525FC90011EB42 /* Localizable.strings */ = {
			isa = PBXVariantGroup;
			children = (
				6621057224525FC90011EB42 /* en */,
				6621057424525FE70011EB42 /* fr */,
				6621057524525FF40011EB42 /* hr */,
				66210576245260010011EB42 /* pt-BR */,
				662105772452601E0011EB42 /* es-MX */,
				662105782452602D0011EB42 /* hi-IN */,
				6625219B2453955F00C68AD1 /* zh-Hans */,
				6625219C2453957100C68AD1 /* sr-RS */,
			);
			name = Localizable.strings;
			sourceTree = "<group>";
		};
		66F818702448FD5C0043AC2D /* Main.storyboard */ = {
			isa = PBXVariantGroup;
			children = (
				66F818712448FD5C0043AC2D /* Base */,
			);
			name = Main.storyboard;
			sourceTree = "<group>";
		};
		66F818752448FD5E0043AC2D /* LaunchScreen.storyboard */ = {
			isa = PBXVariantGroup;
			children = (
				66F818762448FD5E0043AC2D /* Base */,
			);
			name = LaunchScreen.storyboard;
			sourceTree = "<group>";
		};
/* End PBXVariantGroup section */

/* Begin XCBuildConfiguration section */
		6621056E245251B10011EB42 /* Debug */ = {
			isa = XCBuildConfiguration;
			buildSettings = {
				CODE_SIGN_STYLE = Automatic;
				DEVELOPMENT_TEAM = CHZS3BHM57;
				ENABLE_HARDENED_RUNTIME = YES;
				MACOSX_DEPLOYMENT_TARGET = 10.15;
				PRODUCT_NAME = "$(TARGET_NAME)";
				SDKROOT = macosx;
				SWIFT_VERSION = 5.0;
			};
			name = Debug;
		};
		6621056F245251B10011EB42 /* Release */ = {
			isa = XCBuildConfiguration;
			buildSettings = {
				CODE_SIGN_STYLE = Automatic;
				DEVELOPMENT_TEAM = CHZS3BHM57;
				ENABLE_HARDENED_RUNTIME = YES;
				MACOSX_DEPLOYMENT_TARGET = 10.15;
				PRODUCT_NAME = "$(TARGET_NAME)";
				SDKROOT = macosx;
				SWIFT_VERSION = 5.0;
			};
			name = Release;
		};
		66F818792448FD5E0043AC2D /* Debug */ = {
			isa = XCBuildConfiguration;
			buildSettings = {
				ALWAYS_SEARCH_USER_PATHS = NO;
				CLANG_ANALYZER_LOCALIZABILITY_NONLOCALIZED = YES;
				CLANG_ANALYZER_NONNULL = YES;
				CLANG_ANALYZER_NUMBER_OBJECT_CONVERSION = YES_AGGRESSIVE;
				CLANG_CXX_LANGUAGE_STANDARD = "gnu++14";
				CLANG_CXX_LIBRARY = "libc++";
				CLANG_ENABLE_MODULES = YES;
				CLANG_ENABLE_OBJC_ARC = YES;
				CLANG_ENABLE_OBJC_WEAK = YES;
				CLANG_WARN_BLOCK_CAPTURE_AUTORELEASING = YES;
				CLANG_WARN_BOOL_CONVERSION = YES;
				CLANG_WARN_COMMA = YES;
				CLANG_WARN_CONSTANT_CONVERSION = YES;
				CLANG_WARN_DEPRECATED_OBJC_IMPLEMENTATIONS = YES;
				CLANG_WARN_DIRECT_OBJC_ISA_USAGE = YES_ERROR;
				CLANG_WARN_DOCUMENTATION_COMMENTS = YES;
				CLANG_WARN_EMPTY_BODY = YES;
				CLANG_WARN_ENUM_CONVERSION = YES;
				CLANG_WARN_INFINITE_RECURSION = YES;
				CLANG_WARN_INT_CONVERSION = YES;
				CLANG_WARN_NON_LITERAL_NULL_CONVERSION = YES;
				CLANG_WARN_OBJC_IMPLICIT_RETAIN_SELF = YES;
				CLANG_WARN_OBJC_LITERAL_CONVERSION = YES;
				CLANG_WARN_OBJC_ROOT_CLASS = YES_ERROR;
				CLANG_WARN_RANGE_LOOP_ANALYSIS = YES;
				CLANG_WARN_STRICT_PROTOTYPES = YES;
				CLANG_WARN_SUSPICIOUS_MOVE = YES;
				CLANG_WARN_UNGUARDED_AVAILABILITY = YES_AGGRESSIVE;
				CLANG_WARN_UNREACHABLE_CODE = YES;
				CLANG_WARN__DUPLICATE_METHOD_MATCH = YES;
				COPY_PHASE_STRIP = NO;
				DEBUG_INFORMATION_FORMAT = dwarf;
				ENABLE_STRICT_OBJC_MSGSEND = YES;
				ENABLE_TESTABILITY = YES;
				GCC_C_LANGUAGE_STANDARD = gnu11;
				GCC_DYNAMIC_NO_PIC = NO;
				GCC_NO_COMMON_BLOCKS = YES;
				GCC_OPTIMIZATION_LEVEL = 0;
				GCC_PREPROCESSOR_DEFINITIONS = (
					"DEBUG=1",
					"$(inherited)",
				);
				GCC_WARN_64_TO_32_BIT_CONVERSION = YES;
				GCC_WARN_ABOUT_RETURN_TYPE = YES_ERROR;
				GCC_WARN_UNDECLARED_SELECTOR = YES;
				GCC_WARN_UNINITIALIZED_AUTOS = YES_AGGRESSIVE;
				GCC_WARN_UNUSED_FUNCTION = YES;
				GCC_WARN_UNUSED_VARIABLE = YES;
				IPHONEOS_DEPLOYMENT_TARGET = 13.4;
				MTL_ENABLE_DEBUG_INFO = INCLUDE_SOURCE;
				MTL_FAST_MATH = YES;
				ONLY_ACTIVE_ARCH = YES;
				SDKROOT = iphoneos;
				SWIFT_ACTIVE_COMPILATION_CONDITIONS = DEBUG;
				SWIFT_OPTIMIZATION_LEVEL = "-Onone";
			};
			name = Debug;
		};
		66F8187A2448FD5E0043AC2D /* Release */ = {
			isa = XCBuildConfiguration;
			buildSettings = {
				ALWAYS_SEARCH_USER_PATHS = NO;
				CLANG_ANALYZER_LOCALIZABILITY_NONLOCALIZED = YES;
				CLANG_ANALYZER_NONNULL = YES;
				CLANG_ANALYZER_NUMBER_OBJECT_CONVERSION = YES_AGGRESSIVE;
				CLANG_CXX_LANGUAGE_STANDARD = "gnu++14";
				CLANG_CXX_LIBRARY = "libc++";
				CLANG_ENABLE_MODULES = YES;
				CLANG_ENABLE_OBJC_ARC = YES;
				CLANG_ENABLE_OBJC_WEAK = YES;
				CLANG_WARN_BLOCK_CAPTURE_AUTORELEASING = YES;
				CLANG_WARN_BOOL_CONVERSION = YES;
				CLANG_WARN_COMMA = YES;
				CLANG_WARN_CONSTANT_CONVERSION = YES;
				CLANG_WARN_DEPRECATED_OBJC_IMPLEMENTATIONS = YES;
				CLANG_WARN_DIRECT_OBJC_ISA_USAGE = YES_ERROR;
				CLANG_WARN_DOCUMENTATION_COMMENTS = YES;
				CLANG_WARN_EMPTY_BODY = YES;
				CLANG_WARN_ENUM_CONVERSION = YES;
				CLANG_WARN_INFINITE_RECURSION = YES;
				CLANG_WARN_INT_CONVERSION = YES;
				CLANG_WARN_NON_LITERAL_NULL_CONVERSION = YES;
				CLANG_WARN_OBJC_IMPLICIT_RETAIN_SELF = YES;
				CLANG_WARN_OBJC_LITERAL_CONVERSION = YES;
				CLANG_WARN_OBJC_ROOT_CLASS = YES_ERROR;
				CLANG_WARN_RANGE_LOOP_ANALYSIS = YES;
				CLANG_WARN_STRICT_PROTOTYPES = YES;
				CLANG_WARN_SUSPICIOUS_MOVE = YES;
				CLANG_WARN_UNGUARDED_AVAILABILITY = YES_AGGRESSIVE;
				CLANG_WARN_UNREACHABLE_CODE = YES;
				CLANG_WARN__DUPLICATE_METHOD_MATCH = YES;
				COPY_PHASE_STRIP = NO;
				DEBUG_INFORMATION_FORMAT = "dwarf-with-dsym";
				ENABLE_NS_ASSERTIONS = NO;
				ENABLE_STRICT_OBJC_MSGSEND = YES;
				GCC_C_LANGUAGE_STANDARD = gnu11;
				GCC_NO_COMMON_BLOCKS = YES;
				GCC_WARN_64_TO_32_BIT_CONVERSION = YES;
				GCC_WARN_ABOUT_RETURN_TYPE = YES_ERROR;
				GCC_WARN_UNDECLARED_SELECTOR = YES;
				GCC_WARN_UNINITIALIZED_AUTOS = YES_AGGRESSIVE;
				GCC_WARN_UNUSED_FUNCTION = YES;
				GCC_WARN_UNUSED_VARIABLE = YES;
				IPHONEOS_DEPLOYMENT_TARGET = 13.4;
				MTL_ENABLE_DEBUG_INFO = NO;
				MTL_FAST_MATH = YES;
				SDKROOT = iphoneos;
				SWIFT_COMPILATION_MODE = wholemodule;
				SWIFT_OPTIMIZATION_LEVEL = "-O";
				VALIDATE_PRODUCT = YES;
			};
			name = Release;
		};
		66F8187C2448FD5E0043AC2D /* Debug */ = {
			isa = XCBuildConfiguration;
			buildSettings = {
				ASSETCATALOG_COMPILER_APPICON_NAME = AppIcon;
				CLANG_ENABLE_MODULES = YES;
				CODE_SIGN_STYLE = Automatic;
				DEVELOPMENT_TEAM = CHZS3BHM57;
				INFOPLIST_FILE = TracePrivately/Info.plist;
				IPHONEOS_DEPLOYMENT_TARGET = 10.0;
				LD_RUNPATH_SEARCH_PATHS = (
					"$(inherited)",
					"@executable_path/Frameworks",
				);
				PRODUCT_BUNDLE_IDENTIFIER = com.example.TracePrivately;
				PRODUCT_NAME = "$(TARGET_NAME)";
				SWIFT_OPTIMIZATION_LEVEL = "-Onone";
				SWIFT_VERSION = 5.0;
				TARGETED_DEVICE_FAMILY = "1,2";
			};
			name = Debug;
		};
		66F8187D2448FD5E0043AC2D /* Release */ = {
			isa = XCBuildConfiguration;
			buildSettings = {
				ASSETCATALOG_COMPILER_APPICON_NAME = AppIcon;
				CLANG_ENABLE_MODULES = YES;
				CODE_SIGN_STYLE = Automatic;
				DEVELOPMENT_TEAM = CHZS3BHM57;
				INFOPLIST_FILE = TracePrivately/Info.plist;
				IPHONEOS_DEPLOYMENT_TARGET = 10.0;
				LD_RUNPATH_SEARCH_PATHS = (
					"$(inherited)",
					"@executable_path/Frameworks",
				);
				PRODUCT_BUNDLE_IDENTIFIER = com.example.TracePrivately;
				PRODUCT_NAME = "$(TARGET_NAME)";
				SWIFT_VERSION = 5.0;
				TARGETED_DEVICE_FAMILY = "1,2";
			};
			name = Release;
		};
/* End XCBuildConfiguration section */

/* Begin XCConfigurationList section */
		66210570245251B10011EB42 /* Build configuration list for PBXNativeTarget "OneSkyDownload" */ = {
			isa = XCConfigurationList;
			buildConfigurations = (
				6621056E245251B10011EB42 /* Debug */,
				6621056F245251B10011EB42 /* Release */,
			);
			defaultConfigurationIsVisible = 0;
			defaultConfigurationName = Release;
		};
		66F818622448FD5C0043AC2D /* Build configuration list for PBXProject "TracePrivately" */ = {
			isa = XCConfigurationList;
			buildConfigurations = (
				66F818792448FD5E0043AC2D /* Debug */,
				66F8187A2448FD5E0043AC2D /* Release */,
			);
			defaultConfigurationIsVisible = 0;
			defaultConfigurationName = Release;
		};
		66F8187B2448FD5E0043AC2D /* Build configuration list for PBXNativeTarget "TracePrivately" */ = {
			isa = XCConfigurationList;
			buildConfigurations = (
				66F8187C2448FD5E0043AC2D /* Debug */,
				66F8187D2448FD5E0043AC2D /* Release */,
			);
			defaultConfigurationIsVisible = 0;
			defaultConfigurationName = Release;
		};
/* End XCConfigurationList section */

/* Begin XCVersionGroup section */
		66437F9C244A9A02000B8C6C /* TracePrivately.xcdatamodeld */ = {
			isa = XCVersionGroup;
			children = (
				66CB7BD22453EB190044D32B /* Model 5.xcdatamodel */,
				661B6C6A2452CE2500CC1DC6 /* Model 4.xcdatamodel */,
				66CB95C6244FCC9A00D775B6 /* Model 3.xcdatamodel */,
				668D4B22244D705100D90C26 /* Model 2.xcdatamodel */,
				66437F9D244A9A02000B8C6C /* Model.xcdatamodel */,
			);
			currentVersion = 66CB7BD22453EB190044D32B /* Model 5.xcdatamodel */;
			path = TracePrivately.xcdatamodeld;
			sourceTree = "<group>";
			versionGroupType = wrapper.xcdatamodel;
		};
/* End XCVersionGroup section */
	};
	rootObject = 66F8185F2448FD5C0043AC2D /* Project object */;
}
