// !$*UTF8*$!
{
	archiveVersion = 1;
	classes = {
	};
	objectVersion = 52;
	objects = {

/* Begin PBXBuildFile section */
		39BD8849244C6D3D00EB8B6C /* ExposedView.storyboard in Resources */ = {isa = PBXBuildFile; fileRef = 39BD8848244C6D3D00EB8B6C /* ExposedView.storyboard */; };
		660408A22458F49F004710F7 /* InfoPlist.strings in Resources */ = {isa = PBXBuildFile; fileRef = 660408A42458F49F004710F7 /* InfoPlist.strings */; };
		6614BB052452B9D900885F23 /* ExposureDetailsViewController.swift in Sources */ = {isa = PBXBuildFile; fileRef = 6614BB042452B9D900885F23 /* ExposureDetailsViewController.swift */; };
		66210553245127340011EB42 /* Intents.intentdefinition in Sources */ = {isa = PBXBuildFile; fileRef = 66210552245127340011EB42 /* Intents.intentdefinition */; };
		6621055B245129690011EB42 /* IntentHandler.swift in Sources */ = {isa = PBXBuildFile; fileRef = 6621055A245129690011EB42 /* IntentHandler.swift */; };
		662105642451299B0011EB42 /* Intents.intentdefinition in Sources */ = {isa = PBXBuildFile; fileRef = 66210552245127340011EB42 /* Intents.intentdefinition */; };
		6621057124525FC90011EB42 /* Localizable.strings in Resources */ = {isa = PBXBuildFile; fileRef = 6621057324525FC90011EB42 /* Localizable.strings */; };
		663AEE912462EA4400A19037 /* KeyServerAdapter.swift in Sources */ = {isa = PBXBuildFile; fileRef = 66B242BA245E6CCE00E17AAA /* KeyServerAdapter.swift */; };
		663AEE922462EA4C00A19037 /* KeyServerTracePrivatelyAdapter.swift in Sources */ = {isa = PBXBuildFile; fileRef = 66B242BC245E79B200E17AAA /* KeyServerTracePrivatelyAdapter.swift */; };
		663AEE932462EA5400A19037 /* ExposureNotificationConfig.swift in Sources */ = {isa = PBXBuildFile; fileRef = 66C4BBC424564B56008AACC2 /* ExposureNotificationConfig.swift */; };
		663BD8B9245A510C00A3E029 /* ExposureDataTypes.swift in Sources */ = {isa = PBXBuildFile; fileRef = 663BD8B8245A510C00A3E029 /* ExposureDataTypes.swift */; };
		664244B12463A94200F038D3 /* KeyServerCtDiagServerAdapter.swift in Sources */ = {isa = PBXBuildFile; fileRef = 6650A704245EDE1000F762FE /* KeyServerCtDiagServerAdapter.swift */; };
		664244B22463A94300F038D3 /* KeyServerCtDiagServerAdapter.swift in Sources */ = {isa = PBXBuildFile; fileRef = 6650A704245EDE1000F762FE /* KeyServerCtDiagServerAdapter.swift */; };
		66437F76244A86AE000B8C6C /* Disease.swift in Sources */ = {isa = PBXBuildFile; fileRef = 66437F75244A86AE000B8C6C /* Disease.swift */; };
		66437F9E244A9A02000B8C6C /* TracePrivately.xcdatamodeld in Sources */ = {isa = PBXBuildFile; fileRef = 66437F9C244A9A02000B8C6C /* TracePrivately.xcdatamodeld */; };
		66437FA0244A9B2C000B8C6C /* DataManager.swift in Sources */ = {isa = PBXBuildFile; fileRef = 66437F9F244A9B2C000B8C6C /* DataManager.swift */; };
		6650A708245EE02200F762FE /* KeyServerCtDiagServer.plist in Resources */ = {isa = PBXBuildFile; fileRef = 6650A706245EE01100F762FE /* KeyServerCtDiagServer.plist */; };
		6673EED42451785300244287 /* SubmitConfig.plist in Resources */ = {isa = PBXBuildFile; fileRef = 6673EED32451785300244287 /* SubmitConfig.plist */; };
		6673EED62451C10000244287 /* SubmitInfectionConfig.swift in Sources */ = {isa = PBXBuildFile; fileRef = 6673EED52451C10000244287 /* SubmitInfectionConfig.swift */; };
		66793890245460B600868B84 /* KeyServerAuthentication.swift in Sources */ = {isa = PBXBuildFile; fileRef = 6679388D245460B600868B84 /* KeyServerAuthentication.swift */; };
		66793891245460B600868B84 /* KeyServerConfig.swift in Sources */ = {isa = PBXBuildFile; fileRef = 6679388E245460B600868B84 /* KeyServerConfig.swift */; };
		66793892245460B600868B84 /* KeyServer.swift in Sources */ = {isa = PBXBuildFile; fileRef = 6679388F245460B600868B84 /* KeyServer.swift */; };
		6679389524568A3D00868B84 /* InfectedKeysFormData.swift in Sources */ = {isa = PBXBuildFile; fileRef = 6679389424568A3D00868B84 /* InfectedKeysFormData.swift */; };
		667C7C982457B10100D280A9 /* Settings.storyboard in Resources */ = {isa = PBXBuildFile; fileRef = 667C7C972457B10100D280A9 /* Settings.storyboard */; };
		667C7C9A2457B13600D280A9 /* SettingsViewController.swift in Sources */ = {isa = PBXBuildFile; fileRef = 667C7C992457B13600D280A9 /* SettingsViewController.swift */; };
		66848C2D244D5F8800497D2A /* AsyncBlockOperation.swift in Sources */ = {isa = PBXBuildFile; fileRef = 66848C2C244D5F8800497D2A /* AsyncBlockOperation.swift */; };
		668CE843244D01F50065960A /* ContactTraceManager.swift in Sources */ = {isa = PBXBuildFile; fileRef = 668CE842244D01F50065960A /* ContactTraceManager.swift */; };
		6698C572244936AF00F046E4 /* ExposedViewController.swift in Sources */ = {isa = PBXBuildFile; fileRef = 6698C571244936AF00F046E4 /* ExposedViewController.swift */; };
		6698C574244BFAB600F046E4 /* KeyServer.plist in Resources */ = {isa = PBXBuildFile; fileRef = 6698C573244BFAB600F046E4 /* KeyServer.plist */; };
		6699BCF42463FC4C001C8541 /* SwiftProtobuf in Frameworks */ = {isa = PBXBuildFile; productRef = 6699BCF32463FC4C001C8541 /* SwiftProtobuf */; };
		6699BCFA2463FD3D001C8541 /* DeveloperDiagnosisKeyFileProtobuf.proto in Sources */ = {isa = PBXBuildFile; fileRef = 6699BCF82463FD3D001C8541 /* DeveloperDiagnosisKeyFileProtobuf.proto */; };
		6699BCFB2463FD3D001C8541 /* DeveloperDiagnosisKeyFileProtobuf.pb.swift in Sources */ = {isa = PBXBuildFile; fileRef = 6699BCF92463FD3D001C8541 /* DeveloperDiagnosisKeyFileProtobuf.pb.swift */; };
		66A00B7B245BAB6E007DE11F /* main.swift in Sources */ = {isa = PBXBuildFile; fileRef = 66A00B7A245BAB6E007DE11F /* main.swift */; };
		66A00B82245BB039007DE11F /* MessagePack in Frameworks */ = {isa = PBXBuildFile; productRef = 66A00B81245BB039007DE11F /* MessagePack */; };
		66A00B83245BB045007DE11F /* KeyServerConfig.swift in Sources */ = {isa = PBXBuildFile; fileRef = 6679388E245460B600868B84 /* KeyServerConfig.swift */; };
		66A00B84245BB053007DE11F /* KeyServerAuthentication.swift in Sources */ = {isa = PBXBuildFile; fileRef = 6679388D245460B600868B84 /* KeyServerAuthentication.swift */; };
		66A00B86245BB0BC007DE11F /* InfectedKeysFormData.swift in Sources */ = {isa = PBXBuildFile; fileRef = 6679389424568A3D00868B84 /* InfectedKeysFormData.swift */; };
		66A00B88245BB11B007DE11F /* ExposureDataTypes.swift in Sources */ = {isa = PBXBuildFile; fileRef = 663BD8B8245A510C00A3E029 /* ExposureDataTypes.swift */; };
		66A00B89245BB203007DE11F /* KeyServer.swift in Sources */ = {isa = PBXBuildFile; fileRef = 6679388F245460B600868B84 /* KeyServer.swift */; };
		66A00B8B245BB320007DE11F /* DataExtension.swift in Sources */ = {isa = PBXBuildFile; fileRef = 66A00B8A245BB320007DE11F /* DataExtension.swift */; };
		66A00B8C245BB320007DE11F /* DataExtension.swift in Sources */ = {isa = PBXBuildFile; fileRef = 66A00B8A245BB320007DE11F /* DataExtension.swift */; };
		66A00B8D245BB55C007DE11F /* AsyncBlockOperation.swift in Sources */ = {isa = PBXBuildFile; fileRef = 66848C2C244D5F8800497D2A /* AsyncBlockOperation.swift */; };
		66A039D7245005B700A569BE /* FontExtension.swift in Sources */ = {isa = PBXBuildFile; fileRef = 66A039D6245005B700A569BE /* FontExtension.swift */; };
		66B242BB245E6CCE00E17AAA /* KeyServerAdapter.swift in Sources */ = {isa = PBXBuildFile; fileRef = 66B242BA245E6CCE00E17AAA /* KeyServerAdapter.swift */; };
		66B242BD245E79B200E17AAA /* KeyServerTracePrivatelyAdapter.swift in Sources */ = {isa = PBXBuildFile; fileRef = 66B242BC245E79B200E17AAA /* KeyServerTracePrivatelyAdapter.swift */; };
		66B5C6E72458559B0031B03C /* MessagePack in Frameworks */ = {isa = PBXBuildFile; productRef = 66B5C6E62458559B0031B03C /* MessagePack */; };
		66C03600245D3BFB00643112 /* main.swift in Sources */ = {isa = PBXBuildFile; fileRef = 66C035FF245D3BFB00643112 /* main.swift */; };
		66C4BBC324564AFB008AACC2 /* ExposureNotifications.plist in Resources */ = {isa = PBXBuildFile; fileRef = 66C4BBC224564AFB008AACC2 /* ExposureNotifications.plist */; };
		66C4BBC524564B56008AACC2 /* ExposureNotificationConfig.swift in Sources */ = {isa = PBXBuildFile; fileRef = 66C4BBC424564B56008AACC2 /* ExposureNotificationConfig.swift */; };
		66CB7BD12453D51A0044D32B /* ENMockFramework.swift in Sources */ = {isa = PBXBuildFile; fileRef = 66CB7BD02453D51A0044D32B /* ENMockFramework.swift */; };
		66CB7BDF245545EB0044D32B /* TracePrivately-Siri.appex in Embed App Extensions */ = {isa = PBXBuildFile; fileRef = 66CB7BDE245545DF0044D32B /* TracePrivately-Siri.appex */; settings = {ATTRIBUTES = (RemoveHeadersOnCopy, ); }; };
		66CB95BD244FB51000D775B6 /* ActionButton.swift in Sources */ = {isa = PBXBuildFile; fileRef = 66CB95BC244FB51000D775B6 /* ActionButton.swift */; };
		66CB95BF244FB5CD00D775B6 /* MainViewController.swift in Sources */ = {isa = PBXBuildFile; fileRef = 66CB95BE244FB5CD00D775B6 /* MainViewController.swift */; };
		66CB95C1244FBBC800D775B6 /* Privacy.storyboard in Resources */ = {isa = PBXBuildFile; fileRef = 66CB95C0244FBBC800D775B6 /* Privacy.storyboard */; };
		66CB95C3244FBBF300D775B6 /* PrivacyViewController.swift in Sources */ = {isa = PBXBuildFile; fileRef = 66CB95C2244FBBF300D775B6 /* PrivacyViewController.swift */; };
		66EAEB60244DA70E0044FF70 /* SubmitInfection.storyboard in Resources */ = {isa = PBXBuildFile; fileRef = 66EAEB5F244DA70E0044FF70 /* SubmitInfection.storyboard */; };
		66EAEB62244DA72E0044FF70 /* SubmitInfectionViewController.swift in Sources */ = {isa = PBXBuildFile; fileRef = 66EAEB61244DA72E0044FF70 /* SubmitInfectionViewController.swift */; };
		66EAEB64244DC5E40044FF70 /* SubmittedInfection.storyboard in Resources */ = {isa = PBXBuildFile; fileRef = 66EAEB63244DC5E40044FF70 /* SubmittedInfection.storyboard */; };
		66EAEB66244DC62A0044FF70 /* SubmittedInfectionViewController.swift in Sources */ = {isa = PBXBuildFile; fileRef = 66EAEB65244DC62A0044FF70 /* SubmittedInfectionViewController.swift */; };
		66F8186B2448FD5C0043AC2D /* AppDelegate.swift in Sources */ = {isa = PBXBuildFile; fileRef = 66F8186A2448FD5C0043AC2D /* AppDelegate.swift */; };
		66F818722448FD5C0043AC2D /* Main.storyboard in Resources */ = {isa = PBXBuildFile; fileRef = 66F818702448FD5C0043AC2D /* Main.storyboard */; };
		66F818742448FD5E0043AC2D /* Assets.xcassets in Resources */ = {isa = PBXBuildFile; fileRef = 66F818732448FD5E0043AC2D /* Assets.xcassets */; };
		66F818772448FD5E0043AC2D /* LaunchScreen.storyboard in Resources */ = {isa = PBXBuildFile; fileRef = 66F818752448FD5E0043AC2D /* LaunchScreen.storyboard */; };
/* End PBXBuildFile section */

/* Begin PBXContainerItemProxy section */
		6621055D245129690011EB42 /* PBXContainerItemProxy */ = {
			isa = PBXContainerItemProxy;
			containerPortal = 66F8185F2448FD5C0043AC2D /* Project object */;
			proxyType = 1;
			remoteGlobalIDString = 66210557245129690011EB42;
			remoteInfo = "TracePrivately-Siri";
		};
/* End PBXContainerItemProxy section */

/* Begin PBXCopyFilesBuildPhase section */
		66210563245129690011EB42 /* Embed App Extensions */ = {
			isa = PBXCopyFilesBuildPhase;
			buildActionMask = 2147483647;
			dstPath = "";
			dstSubfolderSpec = 13;
			files = (
				66CB7BDF245545EB0044D32B /* TracePrivately-Siri.appex in Embed App Extensions */,
			);
			name = "Embed App Extensions";
			runOnlyForDeploymentPostprocessing = 0;
		};
		66A00B76245BAB6E007DE11F /* CopyFiles */ = {
			isa = PBXCopyFilesBuildPhase;
			buildActionMask = 2147483647;
			dstPath = /usr/share/man/man1/;
			dstSubfolderSpec = 0;
			files = (
			);
			runOnlyForDeploymentPostprocessing = 1;
		};
		66C035FB245D3BFB00643112 /* CopyFiles */ = {
			isa = PBXCopyFilesBuildPhase;
			buildActionMask = 2147483647;
			dstPath = /usr/share/man/man1/;
			dstSubfolderSpec = 0;
			files = (
			);
			runOnlyForDeploymentPostprocessing = 1;
		};
/* End PBXCopyFilesBuildPhase section */

/* Begin PBXFileReference section */
		39BD8848244C6D3D00EB8B6C /* ExposedView.storyboard */ = {isa = PBXFileReference; lastKnownFileType = file.storyboard; path = ExposedView.storyboard; sourceTree = "<group>"; };
		660408A32458F49F004710F7 /* en */ = {isa = PBXFileReference; lastKnownFileType = text.plist.strings; name = en; path = en.lproj/InfoPlist.strings; sourceTree = "<group>"; };
		660408A62458F524004710F7 /* zh-Hans */ = {isa = PBXFileReference; lastKnownFileType = text.plist.strings; name = "zh-Hans"; path = "zh-Hans.lproj/InfoPlist.strings"; sourceTree = "<group>"; };
		660408A72458F525004710F7 /* hr */ = {isa = PBXFileReference; lastKnownFileType = text.plist.strings; name = hr; path = hr.lproj/InfoPlist.strings; sourceTree = "<group>"; };
		660408A82458F526004710F7 /* et */ = {isa = PBXFileReference; lastKnownFileType = text.plist.strings; name = et; path = et.lproj/InfoPlist.strings; sourceTree = "<group>"; };
		660408A92458F527004710F7 /* fr */ = {isa = PBXFileReference; lastKnownFileType = text.plist.strings; name = fr; path = fr.lproj/InfoPlist.strings; sourceTree = "<group>"; };
		660408AA2458F528004710F7 /* de */ = {isa = PBXFileReference; lastKnownFileType = text.plist.strings; name = de; path = de.lproj/InfoPlist.strings; sourceTree = "<group>"; };
		660408AB2458F528004710F7 /* hi-IN */ = {isa = PBXFileReference; lastKnownFileType = text.plist.strings; name = "hi-IN"; path = "hi-IN.lproj/InfoPlist.strings"; sourceTree = "<group>"; };
		660408AC2458F529004710F7 /* ja */ = {isa = PBXFileReference; lastKnownFileType = text.plist.strings; name = ja; path = ja.lproj/InfoPlist.strings; sourceTree = "<group>"; };
		660408AD2458F529004710F7 /* lv-LV */ = {isa = PBXFileReference; lastKnownFileType = text.plist.strings; name = "lv-LV"; path = "lv-LV.lproj/InfoPlist.strings"; sourceTree = "<group>"; };
		660408AE2458F52A004710F7 /* pt-BR */ = {isa = PBXFileReference; lastKnownFileType = text.plist.strings; name = "pt-BR"; path = "pt-BR.lproj/InfoPlist.strings"; sourceTree = "<group>"; };
		660408AF2458F52B004710F7 /* pt-PT */ = {isa = PBXFileReference; lastKnownFileType = text.plist.strings; name = "pt-PT"; path = "pt-PT.lproj/InfoPlist.strings"; sourceTree = "<group>"; };
		660408B02458F52B004710F7 /* sr-RS */ = {isa = PBXFileReference; lastKnownFileType = text.plist.strings; name = "sr-RS"; path = "sr-RS.lproj/InfoPlist.strings"; sourceTree = "<group>"; };
		660408B12458F52C004710F7 /* es-MX */ = {isa = PBXFileReference; lastKnownFileType = text.plist.strings; name = "es-MX"; path = "es-MX.lproj/InfoPlist.strings"; sourceTree = "<group>"; };
		660408B22458F52D004710F7 /* es-ES */ = {isa = PBXFileReference; lastKnownFileType = text.plist.strings; name = "es-ES"; path = "es-ES.lproj/InfoPlist.strings"; sourceTree = "<group>"; };
		660408B32458F54B004710F7 /* it */ = {isa = PBXFileReference; lastKnownFileType = text.plist.strings; name = it; path = it.lproj/InfoPlist.strings; sourceTree = "<group>"; };
		660408B42458F54B004710F7 /* it */ = {isa = PBXFileReference; lastKnownFileType = text.plist.strings; name = it; path = it.lproj/Localizable.strings; sourceTree = "<group>"; };
		660408B52458F555004710F7 /* nl */ = {isa = PBXFileReference; lastKnownFileType = text.plist.strings; name = nl; path = nl.lproj/InfoPlist.strings; sourceTree = "<group>"; };
		660408B62458F555004710F7 /* nl */ = {isa = PBXFileReference; lastKnownFileType = text.plist.strings; name = nl; path = nl.lproj/Localizable.strings; sourceTree = "<group>"; };
		660408B72458F562004710F7 /* uk */ = {isa = PBXFileReference; lastKnownFileType = text.plist.strings; name = uk; path = uk.lproj/InfoPlist.strings; sourceTree = "<group>"; };
		660408B82458F562004710F7 /* uk */ = {isa = PBXFileReference; lastKnownFileType = text.plist.strings; name = uk; path = uk.lproj/Localizable.strings; sourceTree = "<group>"; };
		660408B924595848004710F7 /* zh-Hant */ = {isa = PBXFileReference; lastKnownFileType = text.plist.strings; name = "zh-Hant"; path = "zh-Hant.lproj/InfoPlist.strings"; sourceTree = "<group>"; };
		660408BA24595848004710F7 /* zh-Hant */ = {isa = PBXFileReference; lastKnownFileType = text.plist.strings; name = "zh-Hant"; path = "zh-Hant.lproj/Localizable.strings"; sourceTree = "<group>"; };
		6614BB042452B9D900885F23 /* ExposureDetailsViewController.swift */ = {isa = PBXFileReference; lastKnownFileType = sourcecode.swift; path = ExposureDetailsViewController.swift; sourceTree = "<group>"; };
		661B6C6A2452CE2500CC1DC6 /* Model 4.xcdatamodel */ = {isa = PBXFileReference; lastKnownFileType = wrapper.xcdatamodel; path = "Model 4.xcdatamodel"; sourceTree = "<group>"; };
		66210552245127340011EB42 /* Intents.intentdefinition */ = {isa = PBXFileReference; lastKnownFileType = file.intentdefinition; path = Intents.intentdefinition; sourceTree = "<group>"; };
		6621055A245129690011EB42 /* IntentHandler.swift */ = {isa = PBXFileReference; lastKnownFileType = sourcecode.swift; path = IntentHandler.swift; sourceTree = "<group>"; };
		6621055C245129690011EB42 /* Info.plist */ = {isa = PBXFileReference; lastKnownFileType = text.plist.xml; path = Info.plist; sourceTree = "<group>"; };
		6621056A245251B10011EB42 /* OneSkyDownload */ = {isa = PBXFileReference; explicitFileType = "compiled.mach-o.executable"; includeInIndex = 0; path = OneSkyDownload; sourceTree = BUILT_PRODUCTS_DIR; };
		6621056C245251B10011EB42 /* main.swift */ = {isa = PBXFileReference; lastKnownFileType = sourcecode.swift; path = main.swift; sourceTree = "<group>"; };
		6621057224525FC90011EB42 /* en */ = {isa = PBXFileReference; lastKnownFileType = text.plist.strings; name = en; path = en.lproj/Localizable.strings; sourceTree = "<group>"; };
		6621057424525FE70011EB42 /* fr */ = {isa = PBXFileReference; lastKnownFileType = text.plist.strings; name = fr; path = fr.lproj/Localizable.strings; sourceTree = "<group>"; };
		6621057524525FF40011EB42 /* hr */ = {isa = PBXFileReference; lastKnownFileType = text.plist.strings; name = hr; path = hr.lproj/Localizable.strings; sourceTree = "<group>"; };
		66210576245260010011EB42 /* pt-BR */ = {isa = PBXFileReference; lastKnownFileType = text.plist.strings; name = "pt-BR"; path = "pt-BR.lproj/Localizable.strings"; sourceTree = "<group>"; };
		662105772452601E0011EB42 /* es-MX */ = {isa = PBXFileReference; lastKnownFileType = text.plist.strings; name = "es-MX"; path = "es-MX.lproj/Localizable.strings"; sourceTree = "<group>"; };
		662105782452602D0011EB42 /* hi-IN */ = {isa = PBXFileReference; lastKnownFileType = text.plist.strings; name = "hi-IN"; path = "hi-IN.lproj/Localizable.strings"; sourceTree = "<group>"; };
		6625219B2453955F00C68AD1 /* zh-Hans */ = {isa = PBXFileReference; lastKnownFileType = text.plist.strings; name = "zh-Hans"; path = "zh-Hans.lproj/Localizable.strings"; sourceTree = "<group>"; };
		6625219C2453957100C68AD1 /* sr-RS */ = {isa = PBXFileReference; lastKnownFileType = text.plist.strings; name = "sr-RS"; path = "sr-RS.lproj/Localizable.strings"; sourceTree = "<group>"; };
		663BD8B7245A3F8100A3E029 /* TracePrivately.entitlements */ = {isa = PBXFileReference; lastKnownFileType = text.plist.entitlements; path = TracePrivately.entitlements; sourceTree = "<group>"; };
		663BD8B8245A510C00A3E029 /* ExposureDataTypes.swift */ = {isa = PBXFileReference; lastKnownFileType = sourcecode.swift; path = ExposureDataTypes.swift; sourceTree = "<group>"; };
		663BD8BA245A537900A3E029 /* Model 8.xcdatamodel */ = {isa = PBXFileReference; lastKnownFileType = wrapper.xcdatamodel; path = "Model 8.xcdatamodel"; sourceTree = "<group>"; };
		664244AE2463A06100F038D3 /* Model 9.xcdatamodel */ = {isa = PBXFileReference; lastKnownFileType = wrapper.xcdatamodel; path = "Model 9.xcdatamodel"; sourceTree = "<group>"; };
		66437F75244A86AE000B8C6C /* Disease.swift */ = {isa = PBXFileReference; lastKnownFileType = sourcecode.swift; path = Disease.swift; sourceTree = "<group>"; };
		66437F9D244A9A02000B8C6C /* Model.xcdatamodel */ = {isa = PBXFileReference; lastKnownFileType = wrapper.xcdatamodel; path = Model.xcdatamodel; sourceTree = "<group>"; };
		66437F9F244A9B2C000B8C6C /* DataManager.swift */ = {isa = PBXFileReference; lastKnownFileType = sourcecode.swift; path = DataManager.swift; sourceTree = "<group>"; };
		664C5236245802C9003EBE63 /* Model 7.xcdatamodel */ = {isa = PBXFileReference; lastKnownFileType = wrapper.xcdatamodel; path = "Model 7.xcdatamodel"; sourceTree = "<group>"; };
		6650A704245EDE1000F762FE /* KeyServerCtDiagServerAdapter.swift */ = {isa = PBXFileReference; lastKnownFileType = sourcecode.swift; path = KeyServerCtDiagServerAdapter.swift; sourceTree = "<group>"; };
		6650A706245EE01100F762FE /* KeyServerCtDiagServer.plist */ = {isa = PBXFileReference; fileEncoding = 4; lastKnownFileType = text.plist.xml; path = KeyServerCtDiagServer.plist; sourceTree = "<group>"; };
		6673EED32451785300244287 /* SubmitConfig.plist */ = {isa = PBXFileReference; lastKnownFileType = text.plist.xml; path = SubmitConfig.plist; sourceTree = "<group>"; };
		6673EED52451C10000244287 /* SubmitInfectionConfig.swift */ = {isa = PBXFileReference; lastKnownFileType = sourcecode.swift; path = SubmitInfectionConfig.swift; sourceTree = "<group>"; };
		6679388D245460B600868B84 /* KeyServerAuthentication.swift */ = {isa = PBXFileReference; fileEncoding = 4; lastKnownFileType = sourcecode.swift; path = KeyServerAuthentication.swift; sourceTree = "<group>"; };
		6679388E245460B600868B84 /* KeyServerConfig.swift */ = {isa = PBXFileReference; fileEncoding = 4; lastKnownFileType = sourcecode.swift; path = KeyServerConfig.swift; sourceTree = "<group>"; };
		6679388F245460B600868B84 /* KeyServer.swift */ = {isa = PBXFileReference; fileEncoding = 4; lastKnownFileType = sourcecode.swift; path = KeyServer.swift; sourceTree = "<group>"; };
		667938932454665E00868B84 /* de */ = {isa = PBXFileReference; lastKnownFileType = text.plist.strings; name = de; path = de.lproj/Localizable.strings; sourceTree = "<group>"; };
		6679389424568A3D00868B84 /* InfectedKeysFormData.swift */ = {isa = PBXFileReference; lastKnownFileType = sourcecode.swift; path = InfectedKeysFormData.swift; sourceTree = "<group>"; };
		66793896245709FE00868B84 /* es-ES */ = {isa = PBXFileReference; lastKnownFileType = text.plist.strings; name = "es-ES"; path = "es-ES.lproj/Localizable.strings"; sourceTree = "<group>"; };
		6679389724570A0B00868B84 /* pt-PT */ = {isa = PBXFileReference; lastKnownFileType = text.plist.strings; name = "pt-PT"; path = "pt-PT.lproj/Localizable.strings"; sourceTree = "<group>"; };
		6679389824570A1700868B84 /* ja */ = {isa = PBXFileReference; lastKnownFileType = text.plist.strings; name = ja; path = ja.lproj/Localizable.strings; sourceTree = "<group>"; };
		6679389924570A2700868B84 /* et */ = {isa = PBXFileReference; lastKnownFileType = text.plist.strings; name = et; path = et.lproj/Localizable.strings; sourceTree = "<group>"; };
		667C7C972457B10100D280A9 /* Settings.storyboard */ = {isa = PBXFileReference; lastKnownFileType = file.storyboard; path = Settings.storyboard; sourceTree = "<group>"; };
		667C7C992457B13600D280A9 /* SettingsViewController.swift */ = {isa = PBXFileReference; lastKnownFileType = sourcecode.swift; path = SettingsViewController.swift; sourceTree = "<group>"; };
		667C7C9B2457B5D300D280A9 /* lv-LV */ = {isa = PBXFileReference; lastKnownFileType = text.plist.strings; name = "lv-LV"; path = "lv-LV.lproj/Localizable.strings"; sourceTree = "<group>"; };
		66848C2C244D5F8800497D2A /* AsyncBlockOperation.swift */ = {isa = PBXFileReference; lastKnownFileType = sourcecode.swift; path = AsyncBlockOperation.swift; sourceTree = "<group>"; };
		668CE842244D01F50065960A /* ContactTraceManager.swift */ = {isa = PBXFileReference; lastKnownFileType = sourcecode.swift; path = ContactTraceManager.swift; sourceTree = "<group>"; };
		668D4B22244D705100D90C26 /* Model 2.xcdatamodel */ = {isa = PBXFileReference; lastKnownFileType = wrapper.xcdatamodel; path = "Model 2.xcdatamodel"; sourceTree = "<group>"; };
		6698C571244936AF00F046E4 /* ExposedViewController.swift */ = {isa = PBXFileReference; lastKnownFileType = sourcecode.swift; path = ExposedViewController.swift; sourceTree = "<group>"; };
		6698C573244BFAB600F046E4 /* KeyServer.plist */ = {isa = PBXFileReference; lastKnownFileType = text.plist.xml; path = KeyServer.plist; sourceTree = "<group>"; };
		6699BCF82463FD3D001C8541 /* DeveloperDiagnosisKeyFileProtobuf.proto */ = {isa = PBXFileReference; fileEncoding = 4; lastKnownFileType = sourcecode.protobuf; path = DeveloperDiagnosisKeyFileProtobuf.proto; sourceTree = "<group>"; };
		6699BCF92463FD3D001C8541 /* DeveloperDiagnosisKeyFileProtobuf.pb.swift */ = {isa = PBXFileReference; fileEncoding = 4; lastKnownFileType = sourcecode.swift; path = DeveloperDiagnosisKeyFileProtobuf.pb.swift; sourceTree = "<group>"; };
		66A00B6E245B9235007DE11F /* he */ = {isa = PBXFileReference; lastKnownFileType = text.plist.strings; name = he; path = he.lproj/InfoPlist.strings; sourceTree = "<group>"; };
		66A00B6F245B9236007DE11F /* he */ = {isa = PBXFileReference; lastKnownFileType = text.plist.strings; name = he; path = he.lproj/Localizable.strings; sourceTree = "<group>"; };
		66A00B70245B9242007DE11F /* ca */ = {isa = PBXFileReference; lastKnownFileType = text.plist.strings; name = ca; path = ca.lproj/InfoPlist.strings; sourceTree = "<group>"; };
		66A00B71245B9242007DE11F /* ca */ = {isa = PBXFileReference; lastKnownFileType = text.plist.strings; name = ca; path = ca.lproj/Localizable.strings; sourceTree = "<group>"; };
		66A00B72245B9258007DE11F /* ar */ = {isa = PBXFileReference; lastKnownFileType = text.plist.strings; name = ar; path = ar.lproj/InfoPlist.strings; sourceTree = "<group>"; };
		66A00B73245B9258007DE11F /* ar */ = {isa = PBXFileReference; lastKnownFileType = text.plist.strings; name = ar; path = ar.lproj/Localizable.strings; sourceTree = "<group>"; };
		66A00B78245BAB6E007DE11F /* SubmitFakeKeys */ = {isa = PBXFileReference; explicitFileType = "compiled.mach-o.executable"; includeInIndex = 0; path = SubmitFakeKeys; sourceTree = BUILT_PRODUCTS_DIR; };
		66A00B7A245BAB6E007DE11F /* main.swift */ = {isa = PBXFileReference; lastKnownFileType = sourcecode.swift; path = main.swift; sourceTree = "<group>"; };
		66A00B8A245BB320007DE11F /* DataExtension.swift */ = {isa = PBXFileReference; lastKnownFileType = sourcecode.swift; path = DataExtension.swift; sourceTree = "<group>"; };
		66A039D6245005B700A569BE /* FontExtension.swift */ = {isa = PBXFileReference; lastKnownFileType = sourcecode.swift; path = FontExtension.swift; sourceTree = "<group>"; };
		66B242BA245E6CCE00E17AAA /* KeyServerAdapter.swift */ = {isa = PBXFileReference; lastKnownFileType = sourcecode.swift; path = KeyServerAdapter.swift; sourceTree = "<group>"; };
		66B242BC245E79B200E17AAA /* KeyServerTracePrivatelyAdapter.swift */ = {isa = PBXFileReference; lastKnownFileType = sourcecode.swift; path = KeyServerTracePrivatelyAdapter.swift; sourceTree = "<group>"; };
		66BF646624578E2B00492070 /* Model 6.xcdatamodel */ = {isa = PBXFileReference; lastKnownFileType = wrapper.xcdatamodel; path = "Model 6.xcdatamodel"; sourceTree = "<group>"; };
		66C035FD245D3BFB00643112 /* OneSkyDownload */ = {isa = PBXFileReference; explicitFileType = "compiled.mach-o.executable"; includeInIndex = 0; path = OneSkyDownload; sourceTree = BUILT_PRODUCTS_DIR; };
		66C035FF245D3BFB00643112 /* main.swift */ = {isa = PBXFileReference; lastKnownFileType = sourcecode.swift; path = main.swift; sourceTree = "<group>"; };
		66C4BBC224564AFB008AACC2 /* ExposureNotifications.plist */ = {isa = PBXFileReference; lastKnownFileType = text.plist.xml; path = ExposureNotifications.plist; sourceTree = "<group>"; };
		66C4BBC424564B56008AACC2 /* ExposureNotificationConfig.swift */ = {isa = PBXFileReference; lastKnownFileType = sourcecode.swift; path = ExposureNotificationConfig.swift; sourceTree = "<group>"; };
		66CB7BD02453D51A0044D32B /* ENMockFramework.swift */ = {isa = PBXFileReference; lastKnownFileType = sourcecode.swift; path = ENMockFramework.swift; sourceTree = "<group>"; };
		66CB7BD22453EB190044D32B /* Model 5.xcdatamodel */ = {isa = PBXFileReference; lastKnownFileType = wrapper.xcdatamodel; path = "Model 5.xcdatamodel"; sourceTree = "<group>"; };
		66CB7BDE245545DF0044D32B /* TracePrivately-Siri.appex */ = {isa = PBXFileReference; explicitFileType = "wrapper.app-extension"; includeInIndex = 0; path = "TracePrivately-Siri.appex"; sourceTree = BUILT_PRODUCTS_DIR; };
		66CB95BC244FB51000D775B6 /* ActionButton.swift */ = {isa = PBXFileReference; lastKnownFileType = sourcecode.swift; path = ActionButton.swift; sourceTree = "<group>"; };
		66CB95BE244FB5CD00D775B6 /* MainViewController.swift */ = {isa = PBXFileReference; lastKnownFileType = sourcecode.swift; path = MainViewController.swift; sourceTree = "<group>"; };
		66CB95C0244FBBC800D775B6 /* Privacy.storyboard */ = {isa = PBXFileReference; lastKnownFileType = file.storyboard; path = Privacy.storyboard; sourceTree = "<group>"; };
		66CB95C2244FBBF300D775B6 /* PrivacyViewController.swift */ = {isa = PBXFileReference; lastKnownFileType = sourcecode.swift; path = PrivacyViewController.swift; sourceTree = "<group>"; };
		66CB95C6244FCC9A00D775B6 /* Model 3.xcdatamodel */ = {isa = PBXFileReference; lastKnownFileType = wrapper.xcdatamodel; path = "Model 3.xcdatamodel"; sourceTree = "<group>"; };
		66EAEB5F244DA70E0044FF70 /* SubmitInfection.storyboard */ = {isa = PBXFileReference; lastKnownFileType = file.storyboard; path = SubmitInfection.storyboard; sourceTree = "<group>"; };
		66EAEB61244DA72E0044FF70 /* SubmitInfectionViewController.swift */ = {isa = PBXFileReference; lastKnownFileType = sourcecode.swift; path = SubmitInfectionViewController.swift; sourceTree = "<group>"; };
		66EAEB63244DC5E40044FF70 /* SubmittedInfection.storyboard */ = {isa = PBXFileReference; lastKnownFileType = file.storyboard; path = SubmittedInfection.storyboard; sourceTree = "<group>"; };
		66EAEB65244DC62A0044FF70 /* SubmittedInfectionViewController.swift */ = {isa = PBXFileReference; lastKnownFileType = sourcecode.swift; path = SubmittedInfectionViewController.swift; sourceTree = "<group>"; };
		66F818672448FD5C0043AC2D /* TracePrivately.app */ = {isa = PBXFileReference; explicitFileType = wrapper.application; includeInIndex = 0; path = TracePrivately.app; sourceTree = BUILT_PRODUCTS_DIR; };
		66F8186A2448FD5C0043AC2D /* AppDelegate.swift */ = {isa = PBXFileReference; lastKnownFileType = sourcecode.swift; path = AppDelegate.swift; sourceTree = "<group>"; };
		66F818712448FD5C0043AC2D /* Base */ = {isa = PBXFileReference; lastKnownFileType = file.storyboard; name = Base; path = Base.lproj/Main.storyboard; sourceTree = "<group>"; };
		66F818732448FD5E0043AC2D /* Assets.xcassets */ = {isa = PBXFileReference; lastKnownFileType = folder.assetcatalog; path = Assets.xcassets; sourceTree = "<group>"; };
		66F818762448FD5E0043AC2D /* Base */ = {isa = PBXFileReference; lastKnownFileType = file.storyboard; name = Base; path = Base.lproj/LaunchScreen.storyboard; sourceTree = "<group>"; };
		66F818782448FD5E0043AC2D /* Info.plist */ = {isa = PBXFileReference; lastKnownFileType = text.plist.xml; path = Info.plist; sourceTree = "<group>"; };
/* End PBXFileReference section */

/* Begin PBXFrameworksBuildPhase section */
		66210555245129690011EB42 /* Frameworks */ = {
			isa = PBXFrameworksBuildPhase;
			buildActionMask = 2147483647;
			files = (
			);
			runOnlyForDeploymentPostprocessing = 0;
		};
		66A00B75245BAB6E007DE11F /* Frameworks */ = {
			isa = PBXFrameworksBuildPhase;
			buildActionMask = 2147483647;
			files = (
				66A00B82245BB039007DE11F /* MessagePack in Frameworks */,
			);
			runOnlyForDeploymentPostprocessing = 0;
		};
		66C035FA245D3BFB00643112 /* Frameworks */ = {
			isa = PBXFrameworksBuildPhase;
			buildActionMask = 2147483647;
			files = (
			);
			runOnlyForDeploymentPostprocessing = 0;
		};
		66F818642448FD5C0043AC2D /* Frameworks */ = {
			isa = PBXFrameworksBuildPhase;
			buildActionMask = 2147483647;
			files = (
				66B5C6E72458559B0031B03C /* MessagePack in Frameworks */,
				6699BCF42463FC4C001C8541 /* SwiftProtobuf in Frameworks */,
			);
			runOnlyForDeploymentPostprocessing = 0;
		};
/* End PBXFrameworksBuildPhase section */

/* Begin PBXGroup section */
		39BD8847244C6CF000EB8B6C /* Storyboards */ = {
			isa = PBXGroup;
			children = (
				66F818752448FD5E0043AC2D /* LaunchScreen.storyboard */,
				66CB95C0244FBBC800D775B6 /* Privacy.storyboard */,
				66F818702448FD5C0043AC2D /* Main.storyboard */,
				39BD8848244C6D3D00EB8B6C /* ExposedView.storyboard */,
				66EAEB5F244DA70E0044FF70 /* SubmitInfection.storyboard */,
				66EAEB63244DC5E40044FF70 /* SubmittedInfection.storyboard */,
				667C7C972457B10100D280A9 /* Settings.storyboard */,
			);
			path = Storyboards;
			sourceTree = "<group>";
		};
		66210559245129690011EB42 /* TracePrivately-Siri */ = {
			isa = PBXGroup;
			children = (
				6621055A245129690011EB42 /* IntentHandler.swift */,
				6621055C245129690011EB42 /* Info.plist */,
			);
			path = "TracePrivately-Siri";
			sourceTree = "<group>";
		};
		6621056B245251B10011EB42 /* OneSkyDownload */ = {
			isa = PBXGroup;
			children = (
				6621056C245251B10011EB42 /* main.swift */,
			);
			path = OneSkyDownload;
			sourceTree = "<group>";
		};
		66437F77244A8A4C000B8C6C /* Classes */ = {
			isa = PBXGroup;
			children = (
				6699BCF72463FD3D001C8541 /* Protobuf */,
				66437F78244A8A54000B8C6C /* View Controllers */,
				6679388C245460B600868B84 /* KeyServer */,
				66F8186A2448FD5C0043AC2D /* AppDelegate.swift */,
				66CB7BD02453D51A0044D32B /* ENMockFramework.swift */,
				66A00B8A245BB320007DE11F /* DataExtension.swift */,
				66437F75244A86AE000B8C6C /* Disease.swift */,
				66437F9F244A9B2C000B8C6C /* DataManager.swift */,
				663BD8B8245A510C00A3E029 /* ExposureDataTypes.swift */,
				668CE842244D01F50065960A /* ContactTraceManager.swift */,
				66C4BBC424564B56008AACC2 /* ExposureNotificationConfig.swift */,
				66CB95BC244FB51000D775B6 /* ActionButton.swift */,
				66848C2C244D5F8800497D2A /* AsyncBlockOperation.swift */,
				66A039D6245005B700A569BE /* FontExtension.swift */,
			);
			path = Classes;
			sourceTree = "<group>";
		};
		66437F78244A8A54000B8C6C /* View Controllers */ = {
			isa = PBXGroup;
			children = (
				66CB95BE244FB5CD00D775B6 /* MainViewController.swift */,
				6698C571244936AF00F046E4 /* ExposedViewController.swift */,
				6614BB042452B9D900885F23 /* ExposureDetailsViewController.swift */,
				66EAEB61244DA72E0044FF70 /* SubmitInfectionViewController.swift */,
				6673EED52451C10000244287 /* SubmitInfectionConfig.swift */,
				66EAEB65244DC62A0044FF70 /* SubmittedInfectionViewController.swift */,
				66CB95C2244FBBF300D775B6 /* PrivacyViewController.swift */,
				667C7C992457B13600D280A9 /* SettingsViewController.swift */,
			);
			path = "View Controllers";
			sourceTree = "<group>";
		};
		6679388C245460B600868B84 /* KeyServer */ = {
			isa = PBXGroup;
			children = (
				6679388D245460B600868B84 /* KeyServerAuthentication.swift */,
				6679388E245460B600868B84 /* KeyServerConfig.swift */,
				6679388F245460B600868B84 /* KeyServer.swift */,
				66B242BA245E6CCE00E17AAA /* KeyServerAdapter.swift */,
				66B242BC245E79B200E17AAA /* KeyServerTracePrivatelyAdapter.swift */,
				6650A704245EDE1000F762FE /* KeyServerCtDiagServerAdapter.swift */,
				6679389424568A3D00868B84 /* InfectedKeysFormData.swift */,
			);
			path = KeyServer;
			sourceTree = "<group>";
		};
		6699BCF72463FD3D001C8541 /* Protobuf */ = {
			isa = PBXGroup;
			children = (
				6699BCF82463FD3D001C8541 /* DeveloperDiagnosisKeyFileProtobuf.proto */,
				6699BCF92463FD3D001C8541 /* DeveloperDiagnosisKeyFileProtobuf.pb.swift */,
			);
			path = Protobuf;
			sourceTree = "<group>";
		};
		66A00B79245BAB6E007DE11F /* SubmitFakeKeys */ = {
			isa = PBXGroup;
			children = (
				66A00B7A245BAB6E007DE11F /* main.swift */,
			);
			path = SubmitFakeKeys;
			sourceTree = "<group>";
		};
		66A00B80245BB039007DE11F /* Frameworks */ = {
			isa = PBXGroup;
			children = (
			);
			name = Frameworks;
			sourceTree = "<group>";
		};
		66C035FE245D3BFB00643112 /* OneSkyDownload */ = {
			isa = PBXGroup;
			children = (
				66C035FF245D3BFB00643112 /* main.swift */,
			);
			path = OneSkyDownload;
			sourceTree = "<group>";
		};
		66F8185E2448FD5C0043AC2D = {
			isa = PBXGroup;
			children = (
				66F818692448FD5C0043AC2D /* TracePrivately */,
				66210559245129690011EB42 /* TracePrivately-Siri */,
				6621056B245251B10011EB42 /* OneSkyDownload */,
				66A00B79245BAB6E007DE11F /* SubmitFakeKeys */,
				66C035FE245D3BFB00643112 /* OneSkyDownload */,
				66F818682448FD5C0043AC2D /* Products */,
				66A00B80245BB039007DE11F /* Frameworks */,
			);
			sourceTree = "<group>";
		};
		66F818682448FD5C0043AC2D /* Products */ = {
			isa = PBXGroup;
			children = (
				66F818672448FD5C0043AC2D /* TracePrivately.app */,
				6621056A245251B10011EB42 /* OneSkyDownload */,
				66CB7BDE245545DF0044D32B /* TracePrivately-Siri.appex */,
				66A00B78245BAB6E007DE11F /* SubmitFakeKeys */,
				66C035FD245D3BFB00643112 /* OneSkyDownload */,
			);
			name = Products;
			sourceTree = "<group>";
		};
		66F818692448FD5C0043AC2D /* TracePrivately */ = {
			isa = PBXGroup;
			children = (
				663BD8B7245A3F8100A3E029 /* TracePrivately.entitlements */,
				39BD8847244C6CF000EB8B6C /* Storyboards */,
				66437F77244A8A4C000B8C6C /* Classes */,
				66F818732448FD5E0043AC2D /* Assets.xcassets */,
				66437F9C244A9A02000B8C6C /* TracePrivately.xcdatamodeld */,
				66F818782448FD5E0043AC2D /* Info.plist */,
				660408A42458F49F004710F7 /* InfoPlist.strings */,
				66210552245127340011EB42 /* Intents.intentdefinition */,
				6621057324525FC90011EB42 /* Localizable.strings */,
				6698C573244BFAB600F046E4 /* KeyServer.plist */,
				6650A706245EE01100F762FE /* KeyServerCtDiagServer.plist */,
				6673EED32451785300244287 /* SubmitConfig.plist */,
				66C4BBC224564AFB008AACC2 /* ExposureNotifications.plist */,
			);
			path = TracePrivately;
			sourceTree = "<group>";
		};
/* End PBXGroup section */

/* Begin PBXNativeTarget section */
		66210557245129690011EB42 /* TracePrivately-Siri */ = {
			isa = PBXNativeTarget;
			buildConfigurationList = 66210560245129690011EB42 /* Build configuration list for PBXNativeTarget "TracePrivately-Siri" */;
			buildPhases = (
				66210554245129690011EB42 /* Sources */,
				66210555245129690011EB42 /* Frameworks */,
				66210556245129690011EB42 /* Resources */,
			);
			buildRules = (
			);
			dependencies = (
			);
			name = "TracePrivately-Siri";
			productName = "TracePrivately-Siri";
			productReference = 66CB7BDE245545DF0044D32B /* TracePrivately-Siri.appex */;
			productType = "com.apple.product-type.app-extension";
		};
		66A00B77245BAB6E007DE11F /* SubmitFakeKeys */ = {
			isa = PBXNativeTarget;
			buildConfigurationList = 66A00B7E245BAB6E007DE11F /* Build configuration list for PBXNativeTarget "SubmitFakeKeys" */;
			buildPhases = (
				66A00B74245BAB6E007DE11F /* Sources */,
				66A00B75245BAB6E007DE11F /* Frameworks */,
				66A00B76245BAB6E007DE11F /* CopyFiles */,
			);
			buildRules = (
			);
			dependencies = (
			);
			name = SubmitFakeKeys;
			packageProductDependencies = (
				66A00B81245BB039007DE11F /* MessagePack */,
			);
			productName = SubmitFakeKeys;
			productReference = 66A00B78245BAB6E007DE11F /* SubmitFakeKeys */;
			productType = "com.apple.product-type.tool";
		};
		66C035FC245D3BFB00643112 /* OneSkyDownload */ = {
			isa = PBXNativeTarget;
			buildConfigurationList = 66C03603245D3BFB00643112 /* Build configuration list for PBXNativeTarget "OneSkyDownload" */;
			buildPhases = (
				66C035F9245D3BFB00643112 /* Sources */,
				66C035FA245D3BFB00643112 /* Frameworks */,
				66C035FB245D3BFB00643112 /* CopyFiles */,
			);
			buildRules = (
			);
			dependencies = (
			);
			name = OneSkyDownload;
			productName = OneSkyDownload;
			productReference = 66C035FD245D3BFB00643112 /* OneSkyDownload */;
			productType = "com.apple.product-type.tool";
		};
		66F818662448FD5C0043AC2D /* TracePrivately */ = {
			isa = PBXNativeTarget;
			buildConfigurationList = 66F8187B2448FD5E0043AC2D /* Build configuration list for PBXNativeTarget "TracePrivately" */;
			buildPhases = (
				66F818632448FD5C0043AC2D /* Sources */,
				66F818642448FD5C0043AC2D /* Frameworks */,
				66F818652448FD5C0043AC2D /* Resources */,
				66210563245129690011EB42 /* Embed App Extensions */,
			);
			buildRules = (
			);
			dependencies = (
				6621055E245129690011EB42 /* PBXTargetDependency */,
			);
			name = TracePrivately;
			packageProductDependencies = (
				66B5C6E62458559B0031B03C /* MessagePack */,
				6699BCF32463FC4C001C8541 /* SwiftProtobuf */,
			);
			productName = TracePrivately;
			productReference = 66F818672448FD5C0043AC2D /* TracePrivately.app */;
			productType = "com.apple.product-type.application";
		};
/* End PBXNativeTarget section */

/* Begin PBXProject section */
		66F8185F2448FD5C0043AC2D /* Project object */ = {
			isa = PBXProject;
			attributes = {
				LastSwiftUpdateCheck = 1140;
				LastUpgradeCheck = 1140;
				ORGANIZATIONNAME = "Quentin Zervaas";
				TargetAttributes = {
					66210557245129690011EB42 = {
						CreatedOnToolsVersion = 11.4.1;
					};
					66A00B77245BAB6E007DE11F = {
						CreatedOnToolsVersion = 11.5;
					};
					66C035FC245D3BFB00643112 = {
						CreatedOnToolsVersion = 11.4.1;
					};
					66F818662448FD5C0043AC2D = {
						CreatedOnToolsVersion = 11.4.1;
						LastSwiftMigration = 1140;
					};
				};
			};
			buildConfigurationList = 66F818622448FD5C0043AC2D /* Build configuration list for PBXProject "TracePrivately" */;
			compatibilityVersion = "Xcode 9.3";
			developmentRegion = en;
			hasScannedForEncodings = 0;
			knownRegions = (
				en,
				Base,
				fr,
				hr,
				"pt-BR",
				"es-MX",
				"hi-IN",
				"zh-Hans",
				"sr-RS",
				de,
				"es-ES",
				"pt-PT",
				ja,
				et,
				"lv-LV",
				it,
				nl,
				uk,
				"zh-Hant",
				he,
				ca,
				ar,
			);
			mainGroup = 66F8185E2448FD5C0043AC2D;
			packageReferences = (
				66B5C6E52458559B0031B03C /* XCRemoteSwiftPackageReference "MessagePack" */,
				6699BCF22463FC4C001C8541 /* XCRemoteSwiftPackageReference "swift-protobuf" */,
			);
			productRefGroup = 66F818682448FD5C0043AC2D /* Products */;
			projectDirPath = "";
			projectRoot = "";
			targets = (
				66F818662448FD5C0043AC2D /* TracePrivately */,
				66210557245129690011EB42 /* TracePrivately-Siri */,
				66A00B77245BAB6E007DE11F /* SubmitFakeKeys */,
				66C035FC245D3BFB00643112 /* OneSkyDownload */,
			);
		};
/* End PBXProject section */

/* Begin PBXResourcesBuildPhase section */
		66210556245129690011EB42 /* Resources */ = {
			isa = PBXResourcesBuildPhase;
			buildActionMask = 2147483647;
			files = (
			);
			runOnlyForDeploymentPostprocessing = 0;
		};
		66F818652448FD5C0043AC2D /* Resources */ = {
			isa = PBXResourcesBuildPhase;
			buildActionMask = 2147483647;
			files = (
				6698C574244BFAB600F046E4 /* KeyServer.plist in Resources */,
				660408A22458F49F004710F7 /* InfoPlist.strings in Resources */,
				6650A708245EE02200F762FE /* KeyServerCtDiagServer.plist in Resources */,
				66F818772448FD5E0043AC2D /* LaunchScreen.storyboard in Resources */,
				667C7C982457B10100D280A9 /* Settings.storyboard in Resources */,
				66C4BBC324564AFB008AACC2 /* ExposureNotifications.plist in Resources */,
				39BD8849244C6D3D00EB8B6C /* ExposedView.storyboard in Resources */,
				66EAEB60244DA70E0044FF70 /* SubmitInfection.storyboard in Resources */,
				66EAEB64244DC5E40044FF70 /* SubmittedInfection.storyboard in Resources */,
				6621057124525FC90011EB42 /* Localizable.strings in Resources */,
				66F818742448FD5E0043AC2D /* Assets.xcassets in Resources */,
				66F818722448FD5C0043AC2D /* Main.storyboard in Resources */,
				6673EED42451785300244287 /* SubmitConfig.plist in Resources */,
				66CB95C1244FBBC800D775B6 /* Privacy.storyboard in Resources */,
			);
			runOnlyForDeploymentPostprocessing = 0;
		};
/* End PBXResourcesBuildPhase section */

/* Begin PBXSourcesBuildPhase section */
		66210554245129690011EB42 /* Sources */ = {
			isa = PBXSourcesBuildPhase;
			buildActionMask = 2147483647;
			files = (
				662105642451299B0011EB42 /* Intents.intentdefinition in Sources */,
				6621055B245129690011EB42 /* IntentHandler.swift in Sources */,
			);
			runOnlyForDeploymentPostprocessing = 0;
		};
		66A00B74245BAB6E007DE11F /* Sources */ = {
			isa = PBXSourcesBuildPhase;
			buildActionMask = 2147483647;
			files = (
				663AEE912462EA4400A19037 /* KeyServerAdapter.swift in Sources */,
				66A00B89245BB203007DE11F /* KeyServer.swift in Sources */,
				66A00B86245BB0BC007DE11F /* InfectedKeysFormData.swift in Sources */,
				66A00B88245BB11B007DE11F /* ExposureDataTypes.swift in Sources */,
				663AEE932462EA5400A19037 /* ExposureNotificationConfig.swift in Sources */,
				66A00B84245BB053007DE11F /* KeyServerAuthentication.swift in Sources */,
				66A00B8C245BB320007DE11F /* DataExtension.swift in Sources */,
				66A00B83245BB045007DE11F /* KeyServerConfig.swift in Sources */,
				66A00B8D245BB55C007DE11F /* AsyncBlockOperation.swift in Sources */,
				664244B12463A94200F038D3 /* KeyServerCtDiagServerAdapter.swift in Sources */,
				66A00B7B245BAB6E007DE11F /* main.swift in Sources */,
				663AEE922462EA4C00A19037 /* KeyServerTracePrivatelyAdapter.swift in Sources */,
			);
			runOnlyForDeploymentPostprocessing = 0;
		};
		66C035F9245D3BFB00643112 /* Sources */ = {
			isa = PBXSourcesBuildPhase;
			buildActionMask = 2147483647;
			files = (
				66C03600245D3BFB00643112 /* main.swift in Sources */,
			);
			runOnlyForDeploymentPostprocessing = 0;
		};
		66F818632448FD5C0043AC2D /* Sources */ = {
			isa = PBXSourcesBuildPhase;
			buildActionMask = 2147483647;
			files = (
				663BD8B9245A510C00A3E029 /* ExposureDataTypes.swift in Sources */,
				66793892245460B600868B84 /* KeyServer.swift in Sources */,
				66848C2D244D5F8800497D2A /* AsyncBlockOperation.swift in Sources */,
				66EAEB62244DA72E0044FF70 /* SubmitInfectionViewController.swift in Sources */,
				667C7C9A2457B13600D280A9 /* SettingsViewController.swift in Sources */,
				66A039D7245005B700A569BE /* FontExtension.swift in Sources */,
				66B242BB245E6CCE00E17AAA /* KeyServerAdapter.swift in Sources */,
				66CB95C3244FBBF300D775B6 /* PrivacyViewController.swift in Sources */,
				6679389524568A3D00868B84 /* InfectedKeysFormData.swift in Sources */,
				66CB95BD244FB51000D775B6 /* ActionButton.swift in Sources */,
				66793891245460B600868B84 /* KeyServerConfig.swift in Sources */,
				66437F76244A86AE000B8C6C /* Disease.swift in Sources */,
				66210553245127340011EB42 /* Intents.intentdefinition in Sources */,
				664244B22463A94300F038D3 /* KeyServerCtDiagServerAdapter.swift in Sources */,
				66437FA0244A9B2C000B8C6C /* DataManager.swift in Sources */,
				66F8186B2448FD5C0043AC2D /* AppDelegate.swift in Sources */,
				66A00B8B245BB320007DE11F /* DataExtension.swift in Sources */,
				66B242BD245E79B200E17AAA /* KeyServerTracePrivatelyAdapter.swift in Sources */,
				66793890245460B600868B84 /* KeyServerAuthentication.swift in Sources */,
				66CB95BF244FB5CD00D775B6 /* MainViewController.swift in Sources */,
				66437F9E244A9A02000B8C6C /* TracePrivately.xcdatamodeld in Sources */,
				66CB7BD12453D51A0044D32B /* ENMockFramework.swift in Sources */,
				6699BCFA2463FD3D001C8541 /* DeveloperDiagnosisKeyFileProtobuf.proto in Sources */,
				66EAEB66244DC62A0044FF70 /* SubmittedInfectionViewController.swift in Sources */,
				6699BCFB2463FD3D001C8541 /* DeveloperDiagnosisKeyFileProtobuf.pb.swift in Sources */,
				6698C572244936AF00F046E4 /* ExposedViewController.swift in Sources */,
				6614BB052452B9D900885F23 /* ExposureDetailsViewController.swift in Sources */,
				66C4BBC524564B56008AACC2 /* ExposureNotificationConfig.swift in Sources */,
				668CE843244D01F50065960A /* ContactTraceManager.swift in Sources */,
				6673EED62451C10000244287 /* SubmitInfectionConfig.swift in Sources */,
			);
			runOnlyForDeploymentPostprocessing = 0;
		};
/* End PBXSourcesBuildPhase section */

/* Begin PBXTargetDependency section */
		6621055E245129690011EB42 /* PBXTargetDependency */ = {
			isa = PBXTargetDependency;
			target = 66210557245129690011EB42 /* TracePrivately-Siri */;
			targetProxy = 6621055D245129690011EB42 /* PBXContainerItemProxy */;
		};
/* End PBXTargetDependency section */

/* Begin PBXVariantGroup section */
		660408A42458F49F004710F7 /* InfoPlist.strings */ = {
			isa = PBXVariantGroup;
			children = (
				660408A32458F49F004710F7 /* en */,
				660408A62458F524004710F7 /* zh-Hans */,
				660408A72458F525004710F7 /* hr */,
				660408A82458F526004710F7 /* et */,
				660408A92458F527004710F7 /* fr */,
				660408AA2458F528004710F7 /* de */,
				660408AB2458F528004710F7 /* hi-IN */,
				660408AC2458F529004710F7 /* ja */,
				660408AD2458F529004710F7 /* lv-LV */,
				660408AE2458F52A004710F7 /* pt-BR */,
				660408AF2458F52B004710F7 /* pt-PT */,
				660408B02458F52B004710F7 /* sr-RS */,
				660408B12458F52C004710F7 /* es-MX */,
				660408B22458F52D004710F7 /* es-ES */,
				660408B32458F54B004710F7 /* it */,
				660408B52458F555004710F7 /* nl */,
				660408B72458F562004710F7 /* uk */,
				660408B924595848004710F7 /* zh-Hant */,
				66A00B6E245B9235007DE11F /* he */,
				66A00B70245B9242007DE11F /* ca */,
				66A00B72245B9258007DE11F /* ar */,
			);
			name = InfoPlist.strings;
			sourceTree = "<group>";
		};
		6621057324525FC90011EB42 /* Localizable.strings */ = {
			isa = PBXVariantGroup;
			children = (
				6621057224525FC90011EB42 /* en */,
				6621057424525FE70011EB42 /* fr */,
				6621057524525FF40011EB42 /* hr */,
				66210576245260010011EB42 /* pt-BR */,
				662105772452601E0011EB42 /* es-MX */,
				662105782452602D0011EB42 /* hi-IN */,
				6625219B2453955F00C68AD1 /* zh-Hans */,
				6625219C2453957100C68AD1 /* sr-RS */,
				667938932454665E00868B84 /* de */,
				66793896245709FE00868B84 /* es-ES */,
				6679389724570A0B00868B84 /* pt-PT */,
				6679389824570A1700868B84 /* ja */,
				6679389924570A2700868B84 /* et */,
				667C7C9B2457B5D300D280A9 /* lv-LV */,
				660408B42458F54B004710F7 /* it */,
				660408B62458F555004710F7 /* nl */,
				660408B82458F562004710F7 /* uk */,
				660408BA24595848004710F7 /* zh-Hant */,
				66A00B6F245B9236007DE11F /* he */,
				66A00B71245B9242007DE11F /* ca */,
				66A00B73245B9258007DE11F /* ar */,
			);
			name = Localizable.strings;
			sourceTree = "<group>";
		};
		66F818702448FD5C0043AC2D /* Main.storyboard */ = {
			isa = PBXVariantGroup;
			children = (
				66F818712448FD5C0043AC2D /* Base */,
			);
			name = Main.storyboard;
			sourceTree = "<group>";
		};
		66F818752448FD5E0043AC2D /* LaunchScreen.storyboard */ = {
			isa = PBXVariantGroup;
			children = (
				66F818762448FD5E0043AC2D /* Base */,
			);
			name = LaunchScreen.storyboard;
			sourceTree = "<group>";
		};
/* End PBXVariantGroup section */

/* Begin XCBuildConfiguration section */
		66210561245129690011EB42 /* Debug */ = {
			isa = XCBuildConfiguration;
			buildSettings = {
				CODE_SIGN_STYLE = Automatic;
				DEVELOPMENT_TEAM = CHZS3BHM57;
				INFOPLIST_FILE = "TracePrivately-Siri/Info.plist";
				LD_RUNPATH_SEARCH_PATHS = (
					"$(inherited)",
					"@executable_path/Frameworks",
					"@executable_path/../../Frameworks",
				);
				PRODUCT_BUNDLE_IDENTIFIER = "com.example.TracePrivately.TracePrivately-Siri";
				PRODUCT_NAME = "$(TARGET_NAME)";
				SKIP_INSTALL = YES;
				SWIFT_VERSION = 5.0;
				TARGETED_DEVICE_FAMILY = "1,2";
			};
			name = Debug;
		};
		66210562245129690011EB42 /* Release */ = {
			isa = XCBuildConfiguration;
			buildSettings = {
				CODE_SIGN_STYLE = Automatic;
				DEVELOPMENT_TEAM = CHZS3BHM57;
				INFOPLIST_FILE = "TracePrivately-Siri/Info.plist";
				LD_RUNPATH_SEARCH_PATHS = (
					"$(inherited)",
					"@executable_path/Frameworks",
					"@executable_path/../../Frameworks",
				);
				PRODUCT_BUNDLE_IDENTIFIER = "com.example.TracePrivately.TracePrivately-Siri";
				PRODUCT_NAME = "$(TARGET_NAME)";
				SKIP_INSTALL = YES;
				SWIFT_VERSION = 5.0;
				TARGETED_DEVICE_FAMILY = "1,2";
			};
			name = Release;
		};
		66A00B7C245BAB6E007DE11F /* Debug */ = {
			isa = XCBuildConfiguration;
			buildSettings = {
				CODE_SIGN_STYLE = Automatic;
				DEVELOPMENT_TEAM = CHZS3BHM57;
				ENABLE_HARDENED_RUNTIME = YES;
				MACOSX_DEPLOYMENT_TARGET = 10.15;
				PRODUCT_NAME = "$(TARGET_NAME)";
				SDKROOT = macosx;
				SWIFT_VERSION = 5.0;
			};
			name = Debug;
		};
		66A00B7D245BAB6E007DE11F /* Release */ = {
			isa = XCBuildConfiguration;
			buildSettings = {
				CODE_SIGN_STYLE = Automatic;
				DEVELOPMENT_TEAM = CHZS3BHM57;
				ENABLE_HARDENED_RUNTIME = YES;
				MACOSX_DEPLOYMENT_TARGET = 10.15;
				PRODUCT_NAME = "$(TARGET_NAME)";
				SDKROOT = macosx;
				SWIFT_VERSION = 5.0;
			};
			name = Release;
		};
		66C03601245D3BFB00643112 /* Debug */ = {
			isa = XCBuildConfiguration;
			buildSettings = {
				CODE_SIGN_STYLE = Automatic;
				DEVELOPMENT_TEAM = CHZS3BHM57;
				ENABLE_HARDENED_RUNTIME = YES;
				MACOSX_DEPLOYMENT_TARGET = 10.15;
				PRODUCT_NAME = "$(TARGET_NAME)";
				SDKROOT = macosx;
				SWIFT_VERSION = 5.0;
			};
			name = Debug;
		};
		66C03602245D3BFB00643112 /* Release */ = {
			isa = XCBuildConfiguration;
			buildSettings = {
				CODE_SIGN_STYLE = Automatic;
				DEVELOPMENT_TEAM = CHZS3BHM57;
				ENABLE_HARDENED_RUNTIME = YES;
				MACOSX_DEPLOYMENT_TARGET = 10.15;
				PRODUCT_NAME = "$(TARGET_NAME)";
				SDKROOT = macosx;
				SWIFT_VERSION = 5.0;
			};
			name = Release;
		};
		66F818792448FD5E0043AC2D /* Debug */ = {
			isa = XCBuildConfiguration;
			buildSettings = {
				ALWAYS_SEARCH_USER_PATHS = NO;
				CLANG_ANALYZER_LOCALIZABILITY_NONLOCALIZED = YES;
				CLANG_ANALYZER_NONNULL = YES;
				CLANG_ANALYZER_NUMBER_OBJECT_CONVERSION = YES_AGGRESSIVE;
				CLANG_CXX_LANGUAGE_STANDARD = "gnu++14";
				CLANG_CXX_LIBRARY = "libc++";
				CLANG_ENABLE_MODULES = YES;
				CLANG_ENABLE_OBJC_ARC = YES;
				CLANG_ENABLE_OBJC_WEAK = YES;
				CLANG_WARN_BLOCK_CAPTURE_AUTORELEASING = YES;
				CLANG_WARN_BOOL_CONVERSION = YES;
				CLANG_WARN_COMMA = YES;
				CLANG_WARN_CONSTANT_CONVERSION = YES;
				CLANG_WARN_DEPRECATED_OBJC_IMPLEMENTATIONS = YES;
				CLANG_WARN_DIRECT_OBJC_ISA_USAGE = YES_ERROR;
				CLANG_WARN_DOCUMENTATION_COMMENTS = YES;
				CLANG_WARN_EMPTY_BODY = YES;
				CLANG_WARN_ENUM_CONVERSION = YES;
				CLANG_WARN_INFINITE_RECURSION = YES;
				CLANG_WARN_INT_CONVERSION = YES;
				CLANG_WARN_NON_LITERAL_NULL_CONVERSION = YES;
				CLANG_WARN_OBJC_IMPLICIT_RETAIN_SELF = YES;
				CLANG_WARN_OBJC_LITERAL_CONVERSION = YES;
				CLANG_WARN_OBJC_ROOT_CLASS = YES_ERROR;
				CLANG_WARN_RANGE_LOOP_ANALYSIS = YES;
				CLANG_WARN_STRICT_PROTOTYPES = YES;
				CLANG_WARN_SUSPICIOUS_MOVE = YES;
				CLANG_WARN_UNGUARDED_AVAILABILITY = YES_AGGRESSIVE;
				CLANG_WARN_UNREACHABLE_CODE = YES;
				CLANG_WARN__DUPLICATE_METHOD_MATCH = YES;
				COPY_PHASE_STRIP = NO;
				DEBUG_INFORMATION_FORMAT = dwarf;
				ENABLE_STRICT_OBJC_MSGSEND = YES;
				ENABLE_TESTABILITY = YES;
				GCC_C_LANGUAGE_STANDARD = gnu11;
				GCC_DYNAMIC_NO_PIC = NO;
				GCC_NO_COMMON_BLOCKS = YES;
				GCC_OPTIMIZATION_LEVEL = 0;
				GCC_PREPROCESSOR_DEFINITIONS = (
					"DEBUG=1",
					"$(inherited)",
				);
				GCC_WARN_64_TO_32_BIT_CONVERSION = YES;
				GCC_WARN_ABOUT_RETURN_TYPE = YES_ERROR;
				GCC_WARN_UNDECLARED_SELECTOR = YES;
				GCC_WARN_UNINITIALIZED_AUTOS = YES_AGGRESSIVE;
				GCC_WARN_UNUSED_FUNCTION = YES;
				GCC_WARN_UNUSED_VARIABLE = YES;
				IPHONEOS_DEPLOYMENT_TARGET = 13.4;
				MTL_ENABLE_DEBUG_INFO = INCLUDE_SOURCE;
				MTL_FAST_MATH = YES;
				ONLY_ACTIVE_ARCH = YES;
				SDKROOT = iphoneos;
				SWIFT_ACTIVE_COMPILATION_CONDITIONS = DEBUG;
				SWIFT_OPTIMIZATION_LEVEL = "-Onone";
			};
			name = Debug;
		};
		66F8187A2448FD5E0043AC2D /* Release */ = {
			isa = XCBuildConfiguration;
			buildSettings = {
				ALWAYS_SEARCH_USER_PATHS = NO;
				CLANG_ANALYZER_LOCALIZABILITY_NONLOCALIZED = YES;
				CLANG_ANALYZER_NONNULL = YES;
				CLANG_ANALYZER_NUMBER_OBJECT_CONVERSION = YES_AGGRESSIVE;
				CLANG_CXX_LANGUAGE_STANDARD = "gnu++14";
				CLANG_CXX_LIBRARY = "libc++";
				CLANG_ENABLE_MODULES = YES;
				CLANG_ENABLE_OBJC_ARC = YES;
				CLANG_ENABLE_OBJC_WEAK = YES;
				CLANG_WARN_BLOCK_CAPTURE_AUTORELEASING = YES;
				CLANG_WARN_BOOL_CONVERSION = YES;
				CLANG_WARN_COMMA = YES;
				CLANG_WARN_CONSTANT_CONVERSION = YES;
				CLANG_WARN_DEPRECATED_OBJC_IMPLEMENTATIONS = YES;
				CLANG_WARN_DIRECT_OBJC_ISA_USAGE = YES_ERROR;
				CLANG_WARN_DOCUMENTATION_COMMENTS = YES;
				CLANG_WARN_EMPTY_BODY = YES;
				CLANG_WARN_ENUM_CONVERSION = YES;
				CLANG_WARN_INFINITE_RECURSION = YES;
				CLANG_WARN_INT_CONVERSION = YES;
				CLANG_WARN_NON_LITERAL_NULL_CONVERSION = YES;
				CLANG_WARN_OBJC_IMPLICIT_RETAIN_SELF = YES;
				CLANG_WARN_OBJC_LITERAL_CONVERSION = YES;
				CLANG_WARN_OBJC_ROOT_CLASS = YES_ERROR;
				CLANG_WARN_RANGE_LOOP_ANALYSIS = YES;
				CLANG_WARN_STRICT_PROTOTYPES = YES;
				CLANG_WARN_SUSPICIOUS_MOVE = YES;
				CLANG_WARN_UNGUARDED_AVAILABILITY = YES_AGGRESSIVE;
				CLANG_WARN_UNREACHABLE_CODE = YES;
				CLANG_WARN__DUPLICATE_METHOD_MATCH = YES;
				COPY_PHASE_STRIP = NO;
				DEBUG_INFORMATION_FORMAT = "dwarf-with-dsym";
				ENABLE_NS_ASSERTIONS = NO;
				ENABLE_STRICT_OBJC_MSGSEND = YES;
				GCC_C_LANGUAGE_STANDARD = gnu11;
				GCC_NO_COMMON_BLOCKS = YES;
				GCC_WARN_64_TO_32_BIT_CONVERSION = YES;
				GCC_WARN_ABOUT_RETURN_TYPE = YES_ERROR;
				GCC_WARN_UNDECLARED_SELECTOR = YES;
				GCC_WARN_UNINITIALIZED_AUTOS = YES_AGGRESSIVE;
				GCC_WARN_UNUSED_FUNCTION = YES;
				GCC_WARN_UNUSED_VARIABLE = YES;
				IPHONEOS_DEPLOYMENT_TARGET = 13.4;
				MTL_ENABLE_DEBUG_INFO = NO;
				MTL_FAST_MATH = YES;
				SDKROOT = iphoneos;
				SWIFT_COMPILATION_MODE = wholemodule;
				SWIFT_OPTIMIZATION_LEVEL = "-O";
				VALIDATE_PRODUCT = YES;
			};
			name = Release;
		};
		66F8187C2448FD5E0043AC2D /* Debug */ = {
			isa = XCBuildConfiguration;
			buildSettings = {
				ALWAYS_EMBED_SWIFT_STANDARD_LIBRARIES = YES;
				ASSETCATALOG_COMPILER_APPICON_NAME = AppIcon;
				CLANG_ENABLE_MODULES = YES;
				CODE_SIGN_ENTITLEMENTS = TracePrivately/TracePrivately.entitlements;
				CODE_SIGN_STYLE = Automatic;
				DEVELOPMENT_TEAM = CHZS3BHM57;
				INFOPLIST_FILE = TracePrivately/Info.plist;
				IPHONEOS_DEPLOYMENT_TARGET = 13.5;
				LD_RUNPATH_SEARCH_PATHS = (
					"$(inherited)",
					"@executable_path/Frameworks",
				);
				PRODUCT_BUNDLE_IDENTIFIER = com.example.TracePrivately;
				PRODUCT_NAME = "$(TARGET_NAME)";
				SWIFT_OPTIMIZATION_LEVEL = "-Onone";
				SWIFT_VERSION = 5.0;
				TARGETED_DEVICE_FAMILY = "1,2";
			};
			name = Debug;
		};
		66F8187D2448FD5E0043AC2D /* Release */ = {
			isa = XCBuildConfiguration;
			buildSettings = {
				ALWAYS_EMBED_SWIFT_STANDARD_LIBRARIES = YES;
				ASSETCATALOG_COMPILER_APPICON_NAME = AppIcon;
				CLANG_ENABLE_MODULES = YES;
				CODE_SIGN_ENTITLEMENTS = TracePrivately/TracePrivately.entitlements;
				CODE_SIGN_STYLE = Automatic;
				DEVELOPMENT_TEAM = CHZS3BHM57;
				INFOPLIST_FILE = TracePrivately/Info.plist;
				IPHONEOS_DEPLOYMENT_TARGET = 13.5;
				LD_RUNPATH_SEARCH_PATHS = (
					"$(inherited)",
					"@executable_path/Frameworks",
				);
				PRODUCT_BUNDLE_IDENTIFIER = com.example.TracePrivately;
				PRODUCT_NAME = "$(TARGET_NAME)";
				SWIFT_VERSION = 5.0;
				TARGETED_DEVICE_FAMILY = "1,2";
			};
			name = Release;
		};
/* End XCBuildConfiguration section */

/* Begin XCConfigurationList section */
		66210560245129690011EB42 /* Build configuration list for PBXNativeTarget "TracePrivately-Siri" */ = {
			isa = XCConfigurationList;
			buildConfigurations = (
				66210561245129690011EB42 /* Debug */,
				66210562245129690011EB42 /* Release */,
			);
			defaultConfigurationIsVisible = 0;
			defaultConfigurationName = Release;
		};
		66A00B7E245BAB6E007DE11F /* Build configuration list for PBXNativeTarget "SubmitFakeKeys" */ = {
			isa = XCConfigurationList;
			buildConfigurations = (
				66A00B7C245BAB6E007DE11F /* Debug */,
				66A00B7D245BAB6E007DE11F /* Release */,
			);
			defaultConfigurationIsVisible = 0;
			defaultConfigurationName = Release;
		};
		66C03603245D3BFB00643112 /* Build configuration list for PBXNativeTarget "OneSkyDownload" */ = {
			isa = XCConfigurationList;
			buildConfigurations = (
				66C03601245D3BFB00643112 /* Debug */,
				66C03602245D3BFB00643112 /* Release */,
			);
			defaultConfigurationIsVisible = 0;
			defaultConfigurationName = Release;
		};
		66F818622448FD5C0043AC2D /* Build configuration list for PBXProject "TracePrivately" */ = {
			isa = XCConfigurationList;
			buildConfigurations = (
				66F818792448FD5E0043AC2D /* Debug */,
				66F8187A2448FD5E0043AC2D /* Release */,
			);
			defaultConfigurationIsVisible = 0;
			defaultConfigurationName = Release;
		};
		66F8187B2448FD5E0043AC2D /* Build configuration list for PBXNativeTarget "TracePrivately" */ = {
			isa = XCConfigurationList;
			buildConfigurations = (
				66F8187C2448FD5E0043AC2D /* Debug */,
				66F8187D2448FD5E0043AC2D /* Release */,
			);
			defaultConfigurationIsVisible = 0;
			defaultConfigurationName = Release;
		};
/* End XCConfigurationList section */

/* Begin XCRemoteSwiftPackageReference section */
		6699BCF22463FC4C001C8541 /* XCRemoteSwiftPackageReference "swift-protobuf" */ = {
			isa = XCRemoteSwiftPackageReference;
			repositoryURL = "https://github.com/apple/swift-protobuf/";
			requirement = {
				kind = upToNextMajorVersion;
				minimumVersion = 1.8.0;
			};
		};
		66B5C6E52458559B0031B03C /* XCRemoteSwiftPackageReference "MessagePack" */ = {
			isa = XCRemoteSwiftPackageReference;
			repositoryURL = "https://github.com/Flight-School/MessagePack";
			requirement = {
				kind = upToNextMajorVersion;
				minimumVersion = 1.2.3;
			};
		};
/* End XCRemoteSwiftPackageReference section */

/* Begin XCSwiftPackageProductDependency section */
		6699BCF32463FC4C001C8541 /* SwiftProtobuf */ = {
			isa = XCSwiftPackageProductDependency;
			package = 6699BCF22463FC4C001C8541 /* XCRemoteSwiftPackageReference "swift-protobuf" */;
			productName = SwiftProtobuf;
		};
		66A00B81245BB039007DE11F /* MessagePack */ = {
			isa = XCSwiftPackageProductDependency;
			package = 66B5C6E52458559B0031B03C /* XCRemoteSwiftPackageReference "MessagePack" */;
			productName = MessagePack;
		};
		66B5C6E62458559B0031B03C /* MessagePack */ = {
			isa = XCSwiftPackageProductDependency;
			package = 66B5C6E52458559B0031B03C /* XCRemoteSwiftPackageReference "MessagePack" */;
			productName = MessagePack;
		};
/* End XCSwiftPackageProductDependency section */

/* Begin XCVersionGroup section */
		66437F9C244A9A02000B8C6C /* TracePrivately.xcdatamodeld */ = {
			isa = XCVersionGroup;
			children = (
				664244AE2463A06100F038D3 /* Model 9.xcdatamodel */,
				663BD8BA245A537900A3E029 /* Model 8.xcdatamodel */,
				664C5236245802C9003EBE63 /* Model 7.xcdatamodel */,
				66BF646624578E2B00492070 /* Model 6.xcdatamodel */,
				66CB7BD22453EB190044D32B /* Model 5.xcdatamodel */,
				661B6C6A2452CE2500CC1DC6 /* Model 4.xcdatamodel */,
				66CB95C6244FCC9A00D775B6 /* Model 3.xcdatamodel */,
				668D4B22244D705100D90C26 /* Model 2.xcdatamodel */,
				66437F9D244A9A02000B8C6C /* Model.xcdatamodel */,
			);
			currentVersion = 664244AE2463A06100F038D3 /* Model 9.xcdatamodel */;
			path = TracePrivately.xcdatamodeld;
			sourceTree = "<group>";
			versionGroupType = wrapper.xcdatamodel;
		};
/* End XCVersionGroup section */
	};
	rootObject = 66F8185F2448FD5C0043AC2D /* Project object */;
}
